// !$*UTF8*$!
{
	archiveVersion = 1;
	classes = {
	};
	objectVersion = 46;
	objects = {
/* Begin PBXBuildFile section */
		0207DA581B56EA530066E2B4 /* Images.xcassets in Resources */ = {isa = PBXBuildFile; fileRef = 0207DA571B56EA530066E2B4 /* Images.xcassets */; };
		1D3623260D0F684500981E51 /* AppDelegate.m in Sources */ = {isa = PBXBuildFile; fileRef = 1D3623250D0F684500981E51 /* AppDelegate.m */; };
		1D60589B0D05DD56006BFB54 /* main.m in Sources */ = {isa = PBXBuildFile; fileRef = 29B97316FDCFA39411CA2CEA /* main.m */; };
		301BF552109A68D80062928A /* libCordova.a in Frameworks */ = {isa = PBXBuildFile; fileRef = 301BF535109A57CC0062928A /* libCordova.a */; };
		302D95F114D2391D003F00A1 /* MainViewController.m in Sources */ = {isa = PBXBuildFile; fileRef = 302D95EF14D2391D003F00A1 /* MainViewController.m */; };
		302D95F214D2391D003F00A1 /* MainViewController.xib in Resources */ = {isa = PBXBuildFile; fileRef = 302D95F014D2391D003F00A1 /* MainViewController.xib */; };
		3047A5121AB8059700498E2A /* build-debug.xcconfig in Resources */ = {isa = PBXBuildFile; fileRef = 3047A50F1AB8059700498E2A /* build-debug.xcconfig */; };
		3047A5131AB8059700498E2A /* build-release.xcconfig in Resources */ = {isa = PBXBuildFile; fileRef = 3047A5101AB8059700498E2A /* build-release.xcconfig */; };
		3047A5141AB8059700498E2A /* build.xcconfig in Resources */ = {isa = PBXBuildFile; fileRef = 3047A5111AB8059700498E2A /* build.xcconfig */; };
		5237D2A738574087A80CCA47 /* CDVLogger.m in Sources */ = {isa = PBXBuildFile; fileRef = 82A83F72190E4BE8A5835B6B /* CDVLogger.m */; };
		FAEE4BAE43D14EB7A8EE60C0 /* CDVDevice.m in Sources */ = {isa = PBXBuildFile; fileRef = 9E971D5A453B433EA061826F /* CDVDevice.m */; };
		7CBCFC6BFC304B1CB72B0E54 /* FacebookConnectPlugin.m in Sources */ = {isa = PBXBuildFile; fileRef = 2A7E4D09F0EE418E93FF7109 /* FacebookConnectPlugin.m */; };
		64CED9E72BA1427AB18967FE /* Bolts.framework in Frameworks */ = {isa = PBXBuildFile; fileRef = 291BCE3EEACB4D37845D75E4 /* Bolts.framework */; };
		909F235E4A29454F90B3BE74 /* FBSDKCoreKit.framework in Frameworks */ = {isa = PBXBuildFile; fileRef = 745A63C0293849E1B1CD632F /* FBSDKCoreKit.framework */; };
		39C3BED06FC3413698CE1957 /* FBSDKLoginKit.framework in Frameworks */ = {isa = PBXBuildFile; fileRef = 5117E42BE2294E4BB6CAD4E2 /* FBSDKLoginKit.framework */; };
		52D7631E10D04E9BB4274757 /* FBSDKShareKit.framework in Frameworks */ = {isa = PBXBuildFile; fileRef = C3C9BB8FD8A54FB1957CECB0 /* FBSDKShareKit.framework */; };
		328BB788FF634EFC883823EB /* CDVInAppBrowser.m in Sources */ = {isa = PBXBuildFile; fileRef = 0F79D14E9E124304B1048E55 /* CDVInAppBrowser.m */; };
		085C02FAFE7B48BA980D986B /* CDVSplashScreen.m in Sources */ = {isa = PBXBuildFile; fileRef = F1EBCEB952F54356B1962CDF /* CDVSplashScreen.m */; };
		F4F466C3D6F54760B575C602 /* CDVViewController+SplashScreen.m in Sources */ = {isa = PBXBuildFile; fileRef = F1F7E69677EC494482933D10 /* CDVViewController+SplashScreen.m */; };
		7CCCDBC6D41C481EBBE899D3 /* CDVStatusBar.m in Sources */ = {isa = PBXBuildFile; fileRef = 3B88E45947524B94BAAA7F43 /* CDVStatusBar.m */; };
		9F88847DF6974BC1A67C676C /* IonicKeyboard.m in Sources */ = {isa = PBXBuildFile; fileRef = 441BA12598CF4109A1795760 /* IonicKeyboard.m */; };
		F1C044062FD74B1B826950D0 /* UIWebViewExtension.m in Sources */ = {isa = PBXBuildFile; fileRef = 5E8CCF81043E49279FD1D2F5 /* UIWebViewExtension.m */; };
		3383B4A967254EC29FAADA8C /* IonicConstant.m in Sources */ = {isa = PBXBuildFile; fileRef = 6D6EED87A5FC4D93868A44D8 /* IonicConstant.m */; };
		69E9A0C3ACE443DDA0B5F7B2 /* IonicDeploy.m in Sources */ = {isa = PBXBuildFile; fileRef = 745C4CB609CA4CACB8679901 /* IonicDeploy.m */; };
		30849CD54DF84A3B8D6B7027 /* Download.m in Sources */ = {isa = PBXBuildFile; fileRef = 61C6E3007978463D9DF09263 /* Download.m */; };
		50EDE88D702444239E62424D /* DownloadManager.m in Sources */ = {isa = PBXBuildFile; fileRef = C6D258D5258B4B609325F95A /* DownloadManager.m */; };
		A0AD93BD952F4F26ACD9FD2A /* SSZipArchive.m in Sources */ = {isa = PBXBuildFile; fileRef = A6A8CB396D384DAABF1E0307 /* SSZipArchive.m */; };
		AE17C38CC6D442228EDF8CFC /* ioapi.c in Resources */ = {isa = PBXBuildFile; fileRef = DBD8301BED184D4D93AA8BCC /* ioapi.c */; };
		6E614B0809434AB480671F5B /* unzip.c in Resources */ = {isa = PBXBuildFile; fileRef = 56F76E05F39C49BCA324B898 /* unzip.c */; };
		7EC3B997075A4516BE0498A4 /* zip.c in Resources */ = {isa = PBXBuildFile; fileRef = C6A83902C44C4D38AA1E0819 /* zip.c */; };
		511A42203153412BADE9F74A /* adler32.c in Resources */ = {isa = PBXBuildFile; fileRef = 31C15C9CBB854013B48F489A /* adler32.c */; };
		F5BE2C74897447CE9F7FF251 /* compress.c in Resources */ = {isa = PBXBuildFile; fileRef = B425F1E84B5843EE826C717D /* compress.c */; };
		06C843C3ABEB40DAAA68F304 /* crc32.c in Resources */ = {isa = PBXBuildFile; fileRef = 5DF11489E95F4F65A9261B0E /* crc32.c */; };
		0913C331A6084D42ACD55DF6 /* deflate.c in Resources */ = {isa = PBXBuildFile; fileRef = 8C754EC41AC34808991D7AFE /* deflate.c */; };
		A1EBC95C28E74CADA20C8C67 /* gzclose.c in Resources */ = {isa = PBXBuildFile; fileRef = A6F863B3EF004DBFA3E617EC /* gzclose.c */; };
		BE0B4E68CE4E411F85643E80 /* gzlib.c in Resources */ = {isa = PBXBuildFile; fileRef = C8CEA6273F86434F9D968C4B /* gzlib.c */; };
		6F42FFD0EC1F42B6B1AF3B71 /* gzread.c in Resources */ = {isa = PBXBuildFile; fileRef = ECCE5FB53DA24822846844D3 /* gzread.c */; };
		9F0E3A15ECCE4F1DB0D4168B /* gzwrite.c in Resources */ = {isa = PBXBuildFile; fileRef = F95BC47DD68040BF9FAC6D95 /* gzwrite.c */; };
		C6286D1E7F074066946A0805 /* infback.c in Resources */ = {isa = PBXBuildFile; fileRef = 3D9A2440CF4F420CBF4BF915 /* infback.c */; };
		7FCAEFE4B8A34338A6E1BDF7 /* inffast.c in Resources */ = {isa = PBXBuildFile; fileRef = C8EA334946AC4554903EE03E /* inffast.c */; };
		19C876D78CFE4431BCB3D577 /* inflate.c in Resources */ = {isa = PBXBuildFile; fileRef = A6EB181D88824500AE656222 /* inflate.c */; };
		C1BA80AB9B67498091DF837F /* inftrees.c in Resources */ = {isa = PBXBuildFile; fileRef = 47FCD2C8EAB6402D907B3CC0 /* inftrees.c */; };
		CDF01C5653AD4D21900E0D53 /* trees.c in Resources */ = {isa = PBXBuildFile; fileRef = 9D698D106B8649B292B9723E /* trees.c */; };
		323283157188486A825A4CB1 /* uncompr.c in Resources */ = {isa = PBXBuildFile; fileRef = 7C27F4032FD54BF3863D48CB /* uncompr.c */; };
		3C66EEF28FAB46E4B984E2A7 /* zutil.c in Resources */ = {isa = PBXBuildFile; fileRef = 0BC873FC1C9443E4B7CEED48 /* zutil.c */; };
		5BAF5272710C4F8D8E0734D5 /* Base64.m in Sources */ = {isa = PBXBuildFile; fileRef = EE0FBAF6D0334733838C4359 /* Base64.m */; };
		078564C644AA4A8082140143 /* UNIHTTPClientHelper.m in Sources */ = {isa = PBXBuildFile; fileRef = 856947EC287C4E3C96A54AE3 /* UNIHTTPClientHelper.m */; };
		6F1774F8D3B649C4951334E0 /* UNIHTTPRequest.m in Sources */ = {isa = PBXBuildFile; fileRef = 44C971AC68D447B7A78E16DE /* UNIHTTPRequest.m */; };
		139E135C62284FC89CBA383A /* UNIHTTPRequestWithBody.m in Sources */ = {isa = PBXBuildFile; fileRef = 7CBFDC5E748B45F49F9929C6 /* UNIHTTPRequestWithBody.m */; };
		10D55FD8A143420D8CAD7EF7 /* UNIRest.m in Sources */ = {isa = PBXBuildFile; fileRef = 995D1B0E790E4823A52F3EA9 /* UNIRest.m */; };
		EC81FD2D9E0547A0AADE54D2 /* UNIUrlConnection.m in Sources */ = {isa = PBXBuildFile; fileRef = 5E10BB71D89344379F6BCA52 /* UNIUrlConnection.m */; };
		0F7ACFC2DFE5475C97548F5D /* UNIBaseRequest.m in Sources */ = {isa = PBXBuildFile; fileRef = DF1256765A6F4813B2ED0312 /* UNIBaseRequest.m */; };
		CBF559A5498E4303920E17D8 /* UNIBodyRequest.m in Sources */ = {isa = PBXBuildFile; fileRef = 3EFB1AE7E59643268EFC2838 /* UNIBodyRequest.m */; };
		300AFCFD4D8148E380DD1001 /* UNISimpleRequest.m in Sources */ = {isa = PBXBuildFile; fileRef = 74CDF528F53D439B98809B6B /* UNISimpleRequest.m */; };
		CB4EE6A872174D19A2022945 /* UNIHTTPBinaryResponse.m in Sources */ = {isa = PBXBuildFile; fileRef = E0E7DA43E2FB44DA8C53C2AD /* UNIHTTPBinaryResponse.m */; };
		32DD9B49446D46E7AE405109 /* UNIHTTPJsonResponse.m in Sources */ = {isa = PBXBuildFile; fileRef = 05552DCF0135457A9F4139AF /* UNIHTTPJsonResponse.m */; };
		1DEA9C48F474493685FB87D8 /* UNIHTTPResponse.m in Sources */ = {isa = PBXBuildFile; fileRef = BD0F2D416D8A4CE7A610E141 /* UNIHTTPResponse.m */; };
		5890DF0A1A8A4238A6B88E1C /* UNIHTTPStringResponse.m in Sources */ = {isa = PBXBuildFile; fileRef = F11E0DD86B6F4AD2A5E050BC /* UNIHTTPStringResponse.m */; };
		EB6D4BD8840B4D44B6DE7879 /* UNIJsonNode.m in Sources */ = {isa = PBXBuildFile; fileRef = B7FC6EB6EC8A425E97E45D77 /* UNIJsonNode.m */; };
/* End PBXBuildFile section */

/* Begin PBXContainerItemProxy section */
		301BF534109A57CC0062928A /* PBXContainerItemProxy */ = {
			isa = PBXContainerItemProxy;
			containerPortal = 301BF52D109A57CC0062928A /* CordovaLib.xcodeproj */;
			proxyType = 2;
			remoteGlobalIDString = D2AAC07E0554694100DB518D;
			remoteInfo = CordovaLib;
		};
		301BF550109A68C00062928A /* PBXContainerItemProxy */ = {
			isa = PBXContainerItemProxy;
			containerPortal = 301BF52D109A57CC0062928A /* CordovaLib.xcodeproj */;
			proxyType = 1;
			remoteGlobalIDString = D2AAC07D0554694100DB518D;
			remoteInfo = CordovaLib;
		};
/* End PBXContainerItemProxy section */

/* Begin PBXFileReference section */
		0207DA571B56EA530066E2B4 /* Images.xcassets */ = {isa = PBXFileReference; lastKnownFileType = folder.assetcatalog; name = Images.xcassets; path = "Somali Food/Images.xcassets"; sourceTree = SOURCE_ROOT; };
		1D3623240D0F684500981E51 /* AppDelegate.h */ = {isa = PBXFileReference; fileEncoding = 4; lastKnownFileType = sourcecode.c.h; path = AppDelegate.h; sourceTree = "<group>"; };
		1D3623250D0F684500981E51 /* AppDelegate.m */ = {isa = PBXFileReference; fileEncoding = 4; lastKnownFileType = sourcecode.c.objc; path = AppDelegate.m; sourceTree = "<group>"; };
		1D6058910D05DD3D006BFB54 /* Somali Food.app */ = {isa = PBXFileReference; explicitFileType = wrapper.application; includeInIndex = 0; path = "Somali Food.app"; sourceTree = BUILT_PRODUCTS_DIR; };
		29B97316FDCFA39411CA2CEA /* main.m */ = {isa = PBXFileReference; fileEncoding = 4; lastKnownFileType = sourcecode.c.objc; path = main.m; sourceTree = "<group>"; };
		301BF52D109A57CC0062928A /* CordovaLib.xcodeproj */ = {isa = PBXFileReference; lastKnownFileType = "wrapper.pb-project"; name = CordovaLib.xcodeproj; path = CordovaLib/CordovaLib.xcodeproj; sourceTree = "<group>"; };
		301BF56E109A69640062928A /* www */ = {isa = PBXFileReference; lastKnownFileType = folder; path = www; sourceTree = SOURCE_ROOT; };
		302D95EE14D2391D003F00A1 /* MainViewController.h */ = {isa = PBXFileReference; fileEncoding = 4; lastKnownFileType = sourcecode.c.h; path = MainViewController.h; sourceTree = "<group>"; };
		302D95EF14D2391D003F00A1 /* MainViewController.m */ = {isa = PBXFileReference; fileEncoding = 4; lastKnownFileType = sourcecode.c.objc; path = MainViewController.m; sourceTree = "<group>"; };
		302D95F014D2391D003F00A1 /* MainViewController.xib */ = {isa = PBXFileReference; fileEncoding = 4; lastKnownFileType = file.xib; path = MainViewController.xib; sourceTree = "<group>"; };
		3047A50F1AB8059700498E2A /* build-debug.xcconfig */ = {isa = PBXFileReference; fileEncoding = 4; lastKnownFileType = text.xcconfig; name = "build-debug.xcconfig"; path = cordova/build-debug.xcconfig; sourceTree = SOURCE_ROOT; };
		3047A5101AB8059700498E2A /* build-release.xcconfig */ = {isa = PBXFileReference; fileEncoding = 4; lastKnownFileType = text.xcconfig; name = "build-release.xcconfig"; path = cordova/build-release.xcconfig; sourceTree = SOURCE_ROOT; };
		3047A5111AB8059700498E2A /* build.xcconfig */ = {isa = PBXFileReference; fileEncoding = 4; lastKnownFileType = text.xcconfig; name = build.xcconfig; path = cordova/build.xcconfig; sourceTree = SOURCE_ROOT; };
		32CA4F630368D1EE00C91783 /* Somali Food-Prefix.pch */ = {isa = PBXFileReference; fileEncoding = 4; lastKnownFileType = sourcecode.c.h; path = "Somali Food-Prefix.pch"; sourceTree = "<group>"; };
		8D1107310486CEB800E47090 /* Somali Food-Info.plist */ = {isa = PBXFileReference; fileEncoding = 4; lastKnownFileType = text.plist.xml; name = "Somali Food-Info.plist"; path = "Somali Food/Somali Food-Info.plist"; plistStructureDefinitionIdentifier = "com.apple.xcode.plist.structure-definition.iphone.info-plist"; sourceTree = SOURCE_ROOT; };
		EB87FDF31871DA8E0020F90C /* www */ = {isa = PBXFileReference; lastKnownFileType = folder; name = www; path = ../../www; sourceTree = "<group>"; };
		EB87FDF41871DAF40020F90C /* config.xml */ = {isa = PBXFileReference; lastKnownFileType = text.xml; name = config.xml; path = ../../config.xml; sourceTree = "<group>"; };
		F840E1F0165FE0F500CFE078 /* config.xml */ = {isa = PBXFileReference; lastKnownFileType = text.xml; name = config.xml; path = "Somali Food/config.xml"; sourceTree = "<group>"; };
		ED33DF2A687741AEAF9F8254 /* Bridging-Header.h */ = {isa = PBXFileReference; fileEncoding = 4; lastKnownFileType = sourcecode.c.h; name = "Bridging-Header.h"; path = "Bridging-Header.h"; sourceTree = "<group>"; };
		82A83F72190E4BE8A5835B6B /* CDVLogger.m */ = {isa = PBXFileReference; name = "CDVLogger.m"; path = "cordova-plugin-console/CDVLogger.m"; sourceTree = "<group>"; fileEncoding = 4; lastKnownFileType = sourcecode.c.objc; explicitFileType = undefined; includeInIndex = 0; };
		271A023D8F4E4FE4B45FA111 /* CDVLogger.h */ = {isa = PBXFileReference; name = "CDVLogger.h"; path = "cordova-plugin-console/CDVLogger.h"; sourceTree = "<group>"; fileEncoding = 4; lastKnownFileType = sourcecode.c.h; explicitFileType = undefined; includeInIndex = 0; };
		9E971D5A453B433EA061826F /* CDVDevice.m */ = {isa = PBXFileReference; name = "CDVDevice.m"; path = "cordova-plugin-device/CDVDevice.m"; sourceTree = "<group>"; fileEncoding = 4; lastKnownFileType = sourcecode.c.objc; explicitFileType = undefined; includeInIndex = 0; };
		5781CD8DC1F842EFA12B1067 /* CDVDevice.h */ = {isa = PBXFileReference; name = "CDVDevice.h"; path = "cordova-plugin-device/CDVDevice.h"; sourceTree = "<group>"; fileEncoding = 4; lastKnownFileType = sourcecode.c.h; explicitFileType = undefined; includeInIndex = 0; };
		2A7E4D09F0EE418E93FF7109 /* FacebookConnectPlugin.m */ = {isa = PBXFileReference; name = "FacebookConnectPlugin.m"; path = "cordova-plugin-facebook4/FacebookConnectPlugin.m"; sourceTree = "<group>"; fileEncoding = 4; lastKnownFileType = sourcecode.c.objc; explicitFileType = undefined; includeInIndex = 0; };
		02FF9B57701E4D3EAEC9FB40 /* FacebookConnectPlugin.h */ = {isa = PBXFileReference; name = "FacebookConnectPlugin.h"; path = "cordova-plugin-facebook4/FacebookConnectPlugin.h"; sourceTree = "<group>"; fileEncoding = 4; lastKnownFileType = sourcecode.c.h; explicitFileType = undefined; includeInIndex = 0; };
		291BCE3EEACB4D37845D75E4 /* Bolts.framework */ = {isa = PBXFileReference; name = "Bolts.framework"; path = "Somali Food/Plugins/cordova-plugin-facebook4/Bolts.framework"; sourceTree = "<group>"; fileEncoding = undefined; lastKnownFileType = wrapper.framework; explicitFileType = undefined; includeInIndex = 0; };
		745A63C0293849E1B1CD632F /* FBSDKCoreKit.framework */ = {isa = PBXFileReference; name = "FBSDKCoreKit.framework"; path = "Somali Food/Plugins/cordova-plugin-facebook4/FBSDKCoreKit.framework"; sourceTree = "<group>"; fileEncoding = undefined; lastKnownFileType = wrapper.framework; explicitFileType = undefined; includeInIndex = 0; };
		5117E42BE2294E4BB6CAD4E2 /* FBSDKLoginKit.framework */ = {isa = PBXFileReference; name = "FBSDKLoginKit.framework"; path = "Somali Food/Plugins/cordova-plugin-facebook4/FBSDKLoginKit.framework"; sourceTree = "<group>"; fileEncoding = undefined; lastKnownFileType = wrapper.framework; explicitFileType = undefined; includeInIndex = 0; };
		C3C9BB8FD8A54FB1957CECB0 /* FBSDKShareKit.framework */ = {isa = PBXFileReference; name = "FBSDKShareKit.framework"; path = "Somali Food/Plugins/cordova-plugin-facebook4/FBSDKShareKit.framework"; sourceTree = "<group>"; fileEncoding = undefined; lastKnownFileType = wrapper.framework; explicitFileType = undefined; includeInIndex = 0; };
		0F79D14E9E124304B1048E55 /* CDVInAppBrowser.m */ = {isa = PBXFileReference; name = "CDVInAppBrowser.m"; path = "cordova-plugin-inappbrowser/CDVInAppBrowser.m"; sourceTree = "<group>"; fileEncoding = 4; lastKnownFileType = sourcecode.c.objc; explicitFileType = undefined; includeInIndex = 0; };
		7D42E7C26BA8481EBE3308D7 /* CDVInAppBrowser.h */ = {isa = PBXFileReference; name = "CDVInAppBrowser.h"; path = "cordova-plugin-inappbrowser/CDVInAppBrowser.h"; sourceTree = "<group>"; fileEncoding = 4; lastKnownFileType = sourcecode.c.h; explicitFileType = undefined; includeInIndex = 0; };
		F1EBCEB952F54356B1962CDF /* CDVSplashScreen.m */ = {isa = PBXFileReference; name = "CDVSplashScreen.m"; path = "cordova-plugin-splashscreen/CDVSplashScreen.m"; sourceTree = "<group>"; fileEncoding = 4; lastKnownFileType = sourcecode.c.objc; explicitFileType = undefined; includeInIndex = 0; };
		F1F7E69677EC494482933D10 /* CDVViewController+SplashScreen.m */ = {isa = PBXFileReference; name = "CDVViewController+SplashScreen.m"; path = "cordova-plugin-splashscreen/CDVViewController+SplashScreen.m"; sourceTree = "<group>"; fileEncoding = 4; lastKnownFileType = sourcecode.c.objc; explicitFileType = undefined; includeInIndex = 0; };
		C0ED348A989D433DBFE36227 /* CDVSplashScreen.h */ = {isa = PBXFileReference; name = "CDVSplashScreen.h"; path = "cordova-plugin-splashscreen/CDVSplashScreen.h"; sourceTree = "<group>"; fileEncoding = 4; lastKnownFileType = sourcecode.c.h; explicitFileType = undefined; includeInIndex = 0; };
		388B467246F542048458FA9A /* CDVViewController+SplashScreen.h */ = {isa = PBXFileReference; name = "CDVViewController+SplashScreen.h"; path = "cordova-plugin-splashscreen/CDVViewController+SplashScreen.h"; sourceTree = "<group>"; fileEncoding = 4; lastKnownFileType = sourcecode.c.h; explicitFileType = undefined; includeInIndex = 0; };
		3B88E45947524B94BAAA7F43 /* CDVStatusBar.m */ = {isa = PBXFileReference; name = "CDVStatusBar.m"; path = "cordova-plugin-statusbar/CDVStatusBar.m"; sourceTree = "<group>"; fileEncoding = 4; lastKnownFileType = sourcecode.c.objc; explicitFileType = undefined; includeInIndex = 0; };
		6963A4D9E509418EB17799C0 /* CDVStatusBar.h */ = {isa = PBXFileReference; name = "CDVStatusBar.h"; path = "cordova-plugin-statusbar/CDVStatusBar.h"; sourceTree = "<group>"; fileEncoding = 4; lastKnownFileType = sourcecode.c.h; explicitFileType = undefined; includeInIndex = 0; };
		441BA12598CF4109A1795760 /* IonicKeyboard.m */ = {isa = PBXFileReference; name = "IonicKeyboard.m"; path = "ionic-plugin-keyboard/IonicKeyboard.m"; sourceTree = "<group>"; fileEncoding = 4; lastKnownFileType = sourcecode.c.objc; explicitFileType = undefined; includeInIndex = 0; };
		5E8CCF81043E49279FD1D2F5 /* UIWebViewExtension.m */ = {isa = PBXFileReference; name = "UIWebViewExtension.m"; path = "ionic-plugin-keyboard/UIWebViewExtension.m"; sourceTree = "<group>"; fileEncoding = 4; lastKnownFileType = sourcecode.c.objc; explicitFileType = undefined; includeInIndex = 0; };
		60C6DD61C98B464EA3626505 /* IonicKeyboard.h */ = {isa = PBXFileReference; name = "IonicKeyboard.h"; path = "ionic-plugin-keyboard/IonicKeyboard.h"; sourceTree = "<group>"; fileEncoding = 4; lastKnownFileType = sourcecode.c.h; explicitFileType = undefined; includeInIndex = 0; };
		0339A15050E14C80AD8BFF71 /* UIWebViewExtension.h */ = {isa = PBXFileReference; name = "UIWebViewExtension.h"; path = "ionic-plugin-keyboard/UIWebViewExtension.h"; sourceTree = "<group>"; fileEncoding = 4; lastKnownFileType = sourcecode.c.h; explicitFileType = undefined; includeInIndex = 0; };
		6D6EED87A5FC4D93868A44D8 /* IonicConstant.m */ = {isa = PBXFileReference; name = "IonicConstant.m"; path = "ionic-plugin-deploy/IonicConstant.m"; sourceTree = "<group>"; fileEncoding = 4; lastKnownFileType = sourcecode.c.objc; explicitFileType = undefined; includeInIndex = 0; };
		745C4CB609CA4CACB8679901 /* IonicDeploy.m */ = {isa = PBXFileReference; name = "IonicDeploy.m"; path = "ionic-plugin-deploy/IonicDeploy.m"; sourceTree = "<group>"; fileEncoding = 4; lastKnownFileType = sourcecode.c.objc; explicitFileType = undefined; includeInIndex = 0; };
		61C6E3007978463D9DF09263 /* Download.m */ = {isa = PBXFileReference; name = "Download.m"; path = "ionic-plugin-deploy/Download.m"; sourceTree = "<group>"; fileEncoding = 4; lastKnownFileType = sourcecode.c.objc; explicitFileType = undefined; includeInIndex = 0; };
		C6D258D5258B4B609325F95A /* DownloadManager.m */ = {isa = PBXFileReference; name = "DownloadManager.m"; path = "ionic-plugin-deploy/DownloadManager.m"; sourceTree = "<group>"; fileEncoding = 4; lastKnownFileType = sourcecode.c.objc; explicitFileType = undefined; includeInIndex = 0; };
		A6A8CB396D384DAABF1E0307 /* SSZipArchive.m */ = {isa = PBXFileReference; name = "SSZipArchive.m"; path = "ionic-plugin-deploy/SSZipArchive.m"; sourceTree = "<group>"; fileEncoding = 4; lastKnownFileType = sourcecode.c.objc; explicitFileType = undefined; includeInIndex = 0; };
		DBD8301BED184D4D93AA8BCC /* ioapi.c */ = {isa = PBXFileReference; name = "ioapi.c"; path = "ionic-plugin-deploy/ioapi.c"; sourceTree = "<group>"; fileEncoding = undefined; lastKnownFileType = unknown; explicitFileType = undefined; includeInIndex = 0; };
		56F76E05F39C49BCA324B898 /* unzip.c */ = {isa = PBXFileReference; name = "unzip.c"; path = "ionic-plugin-deploy/unzip.c"; sourceTree = "<group>"; fileEncoding = undefined; lastKnownFileType = unknown; explicitFileType = undefined; includeInIndex = 0; };
		C6A83902C44C4D38AA1E0819 /* zip.c */ = {isa = PBXFileReference; name = "zip.c"; path = "ionic-plugin-deploy/zip.c"; sourceTree = "<group>"; fileEncoding = undefined; lastKnownFileType = unknown; explicitFileType = undefined; includeInIndex = 0; };
		31C15C9CBB854013B48F489A /* adler32.c */ = {isa = PBXFileReference; name = "adler32.c"; path = "ionic-plugin-deploy/adler32.c"; sourceTree = "<group>"; fileEncoding = undefined; lastKnownFileType = unknown; explicitFileType = undefined; includeInIndex = 0; };
		B425F1E84B5843EE826C717D /* compress.c */ = {isa = PBXFileReference; name = "compress.c"; path = "ionic-plugin-deploy/compress.c"; sourceTree = "<group>"; fileEncoding = undefined; lastKnownFileType = unknown; explicitFileType = undefined; includeInIndex = 0; };
		5DF11489E95F4F65A9261B0E /* crc32.c */ = {isa = PBXFileReference; name = "crc32.c"; path = "ionic-plugin-deploy/crc32.c"; sourceTree = "<group>"; fileEncoding = undefined; lastKnownFileType = unknown; explicitFileType = undefined; includeInIndex = 0; };
		8C754EC41AC34808991D7AFE /* deflate.c */ = {isa = PBXFileReference; name = "deflate.c"; path = "ionic-plugin-deploy/deflate.c"; sourceTree = "<group>"; fileEncoding = undefined; lastKnownFileType = unknown; explicitFileType = undefined; includeInIndex = 0; };
		A6F863B3EF004DBFA3E617EC /* gzclose.c */ = {isa = PBXFileReference; name = "gzclose.c"; path = "ionic-plugin-deploy/gzclose.c"; sourceTree = "<group>"; fileEncoding = undefined; lastKnownFileType = unknown; explicitFileType = undefined; includeInIndex = 0; };
		C8CEA6273F86434F9D968C4B /* gzlib.c */ = {isa = PBXFileReference; name = "gzlib.c"; path = "ionic-plugin-deploy/gzlib.c"; sourceTree = "<group>"; fileEncoding = undefined; lastKnownFileType = unknown; explicitFileType = undefined; includeInIndex = 0; };
		ECCE5FB53DA24822846844D3 /* gzread.c */ = {isa = PBXFileReference; name = "gzread.c"; path = "ionic-plugin-deploy/gzread.c"; sourceTree = "<group>"; fileEncoding = undefined; lastKnownFileType = unknown; explicitFileType = undefined; includeInIndex = 0; };
		F95BC47DD68040BF9FAC6D95 /* gzwrite.c */ = {isa = PBXFileReference; name = "gzwrite.c"; path = "ionic-plugin-deploy/gzwrite.c"; sourceTree = "<group>"; fileEncoding = undefined; lastKnownFileType = unknown; explicitFileType = undefined; includeInIndex = 0; };
		3D9A2440CF4F420CBF4BF915 /* infback.c */ = {isa = PBXFileReference; name = "infback.c"; path = "ionic-plugin-deploy/infback.c"; sourceTree = "<group>"; fileEncoding = undefined; lastKnownFileType = unknown; explicitFileType = undefined; includeInIndex = 0; };
		C8EA334946AC4554903EE03E /* inffast.c */ = {isa = PBXFileReference; name = "inffast.c"; path = "ionic-plugin-deploy/inffast.c"; sourceTree = "<group>"; fileEncoding = undefined; lastKnownFileType = unknown; explicitFileType = undefined; includeInIndex = 0; };
		A6EB181D88824500AE656222 /* inflate.c */ = {isa = PBXFileReference; name = "inflate.c"; path = "ionic-plugin-deploy/inflate.c"; sourceTree = "<group>"; fileEncoding = undefined; lastKnownFileType = unknown; explicitFileType = undefined; includeInIndex = 0; };
		47FCD2C8EAB6402D907B3CC0 /* inftrees.c */ = {isa = PBXFileReference; name = "inftrees.c"; path = "ionic-plugin-deploy/inftrees.c"; sourceTree = "<group>"; fileEncoding = undefined; lastKnownFileType = unknown; explicitFileType = undefined; includeInIndex = 0; };
		9D698D106B8649B292B9723E /* trees.c */ = {isa = PBXFileReference; name = "trees.c"; path = "ionic-plugin-deploy/trees.c"; sourceTree = "<group>"; fileEncoding = undefined; lastKnownFileType = unknown; explicitFileType = undefined; includeInIndex = 0; };
		7C27F4032FD54BF3863D48CB /* uncompr.c */ = {isa = PBXFileReference; name = "uncompr.c"; path = "ionic-plugin-deploy/uncompr.c"; sourceTree = "<group>"; fileEncoding = undefined; lastKnownFileType = unknown; explicitFileType = undefined; includeInIndex = 0; };
		0BC873FC1C9443E4B7CEED48 /* zutil.c */ = {isa = PBXFileReference; name = "zutil.c"; path = "ionic-plugin-deploy/zutil.c"; sourceTree = "<group>"; fileEncoding = undefined; lastKnownFileType = unknown; explicitFileType = undefined; includeInIndex = 0; };
		EE0FBAF6D0334733838C4359 /* Base64.m */ = {isa = PBXFileReference; name = "Base64.m"; path = "ionic-plugin-deploy/Base64.m"; sourceTree = "<group>"; fileEncoding = 4; lastKnownFileType = sourcecode.c.objc; explicitFileType = undefined; includeInIndex = 0; };
		856947EC287C4E3C96A54AE3 /* UNIHTTPClientHelper.m */ = {isa = PBXFileReference; name = "UNIHTTPClientHelper.m"; path = "ionic-plugin-deploy/UNIHTTPClientHelper.m"; sourceTree = "<group>"; fileEncoding = 4; lastKnownFileType = sourcecode.c.objc; explicitFileType = undefined; includeInIndex = 0; };
		44C971AC68D447B7A78E16DE /* UNIHTTPRequest.m */ = {isa = PBXFileReference; name = "UNIHTTPRequest.m"; path = "ionic-plugin-deploy/UNIHTTPRequest.m"; sourceTree = "<group>"; fileEncoding = 4; lastKnownFileType = sourcecode.c.objc; explicitFileType = undefined; includeInIndex = 0; };
		7CBFDC5E748B45F49F9929C6 /* UNIHTTPRequestWithBody.m */ = {isa = PBXFileReference; name = "UNIHTTPRequestWithBody.m"; path = "ionic-plugin-deploy/UNIHTTPRequestWithBody.m"; sourceTree = "<group>"; fileEncoding = 4; lastKnownFileType = sourcecode.c.objc; explicitFileType = undefined; includeInIndex = 0; };
		995D1B0E790E4823A52F3EA9 /* UNIRest.m */ = {isa = PBXFileReference; name = "UNIRest.m"; path = "ionic-plugin-deploy/UNIRest.m"; sourceTree = "<group>"; fileEncoding = 4; lastKnownFileType = sourcecode.c.objc; explicitFileType = undefined; includeInIndex = 0; };
		5E10BB71D89344379F6BCA52 /* UNIUrlConnection.m */ = {isa = PBXFileReference; name = "UNIUrlConnection.m"; path = "ionic-plugin-deploy/UNIUrlConnection.m"; sourceTree = "<group>"; fileEncoding = 4; lastKnownFileType = sourcecode.c.objc; explicitFileType = undefined; includeInIndex = 0; };
		DF1256765A6F4813B2ED0312 /* UNIBaseRequest.m */ = {isa = PBXFileReference; name = "UNIBaseRequest.m"; path = "ionic-plugin-deploy/UNIBaseRequest.m"; sourceTree = "<group>"; fileEncoding = 4; lastKnownFileType = sourcecode.c.objc; explicitFileType = undefined; includeInIndex = 0; };
		3EFB1AE7E59643268EFC2838 /* UNIBodyRequest.m */ = {isa = PBXFileReference; name = "UNIBodyRequest.m"; path = "ionic-plugin-deploy/UNIBodyRequest.m"; sourceTree = "<group>"; fileEncoding = 4; lastKnownFileType = sourcecode.c.objc; explicitFileType = undefined; includeInIndex = 0; };
		74CDF528F53D439B98809B6B /* UNISimpleRequest.m */ = {isa = PBXFileReference; name = "UNISimpleRequest.m"; path = "ionic-plugin-deploy/UNISimpleRequest.m"; sourceTree = "<group>"; fileEncoding = 4; lastKnownFileType = sourcecode.c.objc; explicitFileType = undefined; includeInIndex = 0; };
		E0E7DA43E2FB44DA8C53C2AD /* UNIHTTPBinaryResponse.m */ = {isa = PBXFileReference; name = "UNIHTTPBinaryResponse.m"; path = "ionic-plugin-deploy/UNIHTTPBinaryResponse.m"; sourceTree = "<group>"; fileEncoding = 4; lastKnownFileType = sourcecode.c.objc; explicitFileType = undefined; includeInIndex = 0; };
		05552DCF0135457A9F4139AF /* UNIHTTPJsonResponse.m */ = {isa = PBXFileReference; name = "UNIHTTPJsonResponse.m"; path = "ionic-plugin-deploy/UNIHTTPJsonResponse.m"; sourceTree = "<group>"; fileEncoding = 4; lastKnownFileType = sourcecode.c.objc; explicitFileType = undefined; includeInIndex = 0; };
		BD0F2D416D8A4CE7A610E141 /* UNIHTTPResponse.m */ = {isa = PBXFileReference; name = "UNIHTTPResponse.m"; path = "ionic-plugin-deploy/UNIHTTPResponse.m"; sourceTree = "<group>"; fileEncoding = 4; lastKnownFileType = sourcecode.c.objc; explicitFileType = undefined; includeInIndex = 0; };
		F11E0DD86B6F4AD2A5E050BC /* UNIHTTPStringResponse.m */ = {isa = PBXFileReference; name = "UNIHTTPStringResponse.m"; path = "ionic-plugin-deploy/UNIHTTPStringResponse.m"; sourceTree = "<group>"; fileEncoding = 4; lastKnownFileType = sourcecode.c.objc; explicitFileType = undefined; includeInIndex = 0; };
		B7FC6EB6EC8A425E97E45D77 /* UNIJsonNode.m */ = {isa = PBXFileReference; name = "UNIJsonNode.m"; path = "ionic-plugin-deploy/UNIJsonNode.m"; sourceTree = "<group>"; fileEncoding = 4; lastKnownFileType = sourcecode.c.objc; explicitFileType = undefined; includeInIndex = 0; };
		E636A5DFA1004B4C94853904 /* IonicConstant.h */ = {isa = PBXFileReference; name = "IonicConstant.h"; path = "ionic-plugin-deploy/IonicConstant.h"; sourceTree = "<group>"; fileEncoding = 4; lastKnownFileType = sourcecode.c.h; explicitFileType = undefined; includeInIndex = 0; };
		05A4753C94E2416DB27BFD57 /* IonicDeploy.h */ = {isa = PBXFileReference; name = "IonicDeploy.h"; path = "ionic-plugin-deploy/IonicDeploy.h"; sourceTree = "<group>"; fileEncoding = 4; lastKnownFileType = sourcecode.c.h; explicitFileType = undefined; includeInIndex = 0; };
		A6B92F74805247C68A393B5F /* Download.h */ = {isa = PBXFileReference; name = "Download.h"; path = "ionic-plugin-deploy/Download.h"; sourceTree = "<group>"; fileEncoding = 4; lastKnownFileType = sourcecode.c.h; explicitFileType = undefined; includeInIndex = 0; };
		773D108683F7447382FECD33 /* DownloadManager.h */ = {isa = PBXFileReference; name = "DownloadManager.h"; path = "ionic-plugin-deploy/DownloadManager.h"; sourceTree = "<group>"; fileEncoding = 4; lastKnownFileType = sourcecode.c.h; explicitFileType = undefined; includeInIndex = 0; };
		6629018C45EA4324A5B0DF78 /* SSZipArchive.h */ = {isa = PBXFileReference; name = "SSZipArchive.h"; path = "ionic-plugin-deploy/SSZipArchive.h"; sourceTree = "<group>"; fileEncoding = 4; lastKnownFileType = sourcecode.c.h; explicitFileType = undefined; includeInIndex = 0; };
		DA582807420D4956B9E80393 /* ARCHelper.h */ = {isa = PBXFileReference; name = "ARCHelper.h"; path = "ionic-plugin-deploy/ARCHelper.h"; sourceTree = "<group>"; fileEncoding = 4; lastKnownFileType = sourcecode.c.h; explicitFileType = undefined; includeInIndex = 0; };
		C40F8708AD764FFA82FD4245 /* crypt.h */ = {isa = PBXFileReference; name = "crypt.h"; path = "ionic-plugin-deploy/crypt.h"; sourceTree = "<group>"; fileEncoding = 4; lastKnownFileType = sourcecode.c.h; explicitFileType = undefined; includeInIndex = 0; };
		91D6BC4691EE45188B9A9EDA /* ioapi.h */ = {isa = PBXFileReference; name = "ioapi.h"; path = "ionic-plugin-deploy/ioapi.h"; sourceTree = "<group>"; fileEncoding = 4; lastKnownFileType = sourcecode.c.h; explicitFileType = undefined; includeInIndex = 0; };
		4BED52A2399748579B14FF68 /* unzip.h */ = {isa = PBXFileReference; name = "unzip.h"; path = "ionic-plugin-deploy/unzip.h"; sourceTree = "<group>"; fileEncoding = 4; lastKnownFileType = sourcecode.c.h; explicitFileType = undefined; includeInIndex = 0; };
		17289158045D46858A0CFD25 /* zip.h */ = {isa = PBXFileReference; name = "zip.h"; path = "ionic-plugin-deploy/zip.h"; sourceTree = "<group>"; fileEncoding = 4; lastKnownFileType = sourcecode.c.h; explicitFileType = undefined; includeInIndex = 0; };
		66EE7BA725A84408B5F1B4F3 /* crc32.h */ = {isa = PBXFileReference; name = "crc32.h"; path = "ionic-plugin-deploy/crc32.h"; sourceTree = "<group>"; fileEncoding = 4; lastKnownFileType = sourcecode.c.h; explicitFileType = undefined; includeInIndex = 0; };
		CF534FD4A817444097AABFFB /* deflate.h */ = {isa = PBXFileReference; name = "deflate.h"; path = "ionic-plugin-deploy/deflate.h"; sourceTree = "<group>"; fileEncoding = 4; lastKnownFileType = sourcecode.c.h; explicitFileType = undefined; includeInIndex = 0; };
		BD64402E81094140A98E8CA8 /* gzguts.h */ = {isa = PBXFileReference; name = "gzguts.h"; path = "ionic-plugin-deploy/gzguts.h"; sourceTree = "<group>"; fileEncoding = 4; lastKnownFileType = sourcecode.c.h; explicitFileType = undefined; includeInIndex = 0; };
		82833880DB3B486D987DE0A3 /* inffast.h */ = {isa = PBXFileReference; name = "inffast.h"; path = "ionic-plugin-deploy/inffast.h"; sourceTree = "<group>"; fileEncoding = 4; lastKnownFileType = sourcecode.c.h; explicitFileType = undefined; includeInIndex = 0; };
		AD1A1265B6C142EBB06566C8 /* inffixed.h */ = {isa = PBXFileReference; name = "inffixed.h"; path = "ionic-plugin-deploy/inffixed.h"; sourceTree = "<group>"; fileEncoding = 4; lastKnownFileType = sourcecode.c.h; explicitFileType = undefined; includeInIndex = 0; };
		26587A9B15374744933375AE /* inflate.h */ = {isa = PBXFileReference; name = "inflate.h"; path = "ionic-plugin-deploy/inflate.h"; sourceTree = "<group>"; fileEncoding = 4; lastKnownFileType = sourcecode.c.h; explicitFileType = undefined; includeInIndex = 0; };
		A129206840714BB7BA23DB3E /* inftrees.h */ = {isa = PBXFileReference; name = "inftrees.h"; path = "ionic-plugin-deploy/inftrees.h"; sourceTree = "<group>"; fileEncoding = 4; lastKnownFileType = sourcecode.c.h; explicitFileType = undefined; includeInIndex = 0; };
		395039935BF7408C8787D053 /* trees.h */ = {isa = PBXFileReference; name = "trees.h"; path = "ionic-plugin-deploy/trees.h"; sourceTree = "<group>"; fileEncoding = 4; lastKnownFileType = sourcecode.c.h; explicitFileType = undefined; includeInIndex = 0; };
		57867E0A7C01460781F41A83 /* zconf.h */ = {isa = PBXFileReference; name = "zconf.h"; path = "ionic-plugin-deploy/zconf.h"; sourceTree = "<group>"; fileEncoding = 4; lastKnownFileType = sourcecode.c.h; explicitFileType = undefined; includeInIndex = 0; };
		4EB35B9323604AD18564253A /* zlib.h */ = {isa = PBXFileReference; name = "zlib.h"; path = "ionic-plugin-deploy/zlib.h"; sourceTree = "<group>"; fileEncoding = 4; lastKnownFileType = sourcecode.c.h; explicitFileType = undefined; includeInIndex = 0; };
		D9B6530CA8DF4A58B2A48675 /* zutil.h */ = {isa = PBXFileReference; name = "zutil.h"; path = "ionic-plugin-deploy/zutil.h"; sourceTree = "<group>"; fileEncoding = 4; lastKnownFileType = sourcecode.c.h; explicitFileType = undefined; includeInIndex = 0; };
		7CE17AF14A3C4E079F479C87 /* Base64.h */ = {isa = PBXFileReference; name = "Base64.h"; path = "ionic-plugin-deploy/Base64.h"; sourceTree = "<group>"; fileEncoding = 4; lastKnownFileType = sourcecode.c.h; explicitFileType = undefined; includeInIndex = 0; };
		0D410DE67C8A434AB84960DC /* UNIHTTPClientHelper.h */ = {isa = PBXFileReference; name = "UNIHTTPClientHelper.h"; path = "ionic-plugin-deploy/UNIHTTPClientHelper.h"; sourceTree = "<group>"; fileEncoding = 4; lastKnownFileType = sourcecode.c.h; explicitFileType = undefined; includeInIndex = 0; };
		E852AF9EB1644609B531AF23 /* UNIHTTPRequest.h */ = {isa = PBXFileReference; name = "UNIHTTPRequest.h"; path = "ionic-plugin-deploy/UNIHTTPRequest.h"; sourceTree = "<group>"; fileEncoding = 4; lastKnownFileType = sourcecode.c.h; explicitFileType = undefined; includeInIndex = 0; };
		C36A34A78D714AF688778697 /* UNIHTTPRequestWithBody.h */ = {isa = PBXFileReference; name = "UNIHTTPRequestWithBody.h"; path = "ionic-plugin-deploy/UNIHTTPRequestWithBody.h"; sourceTree = "<group>"; fileEncoding = 4; lastKnownFileType = sourcecode.c.h; explicitFileType = undefined; includeInIndex = 0; };
		D85C72F609C3450785FE4FF4 /* Unirest-Prefix.pch */ = {isa = PBXFileReference; name = "Unirest-Prefix.pch"; path = "ionic-plugin-deploy/Unirest-Prefix.pch"; sourceTree = "<group>"; fileEncoding = 4; lastKnownFileType = sourcecode.c.h; explicitFileType = undefined; includeInIndex = 0; };
		C775823ACE814FD5B1B9E731 /* UNIRest.h */ = {isa = PBXFileReference; name = "UNIRest.h"; path = "ionic-plugin-deploy/UNIRest.h"; sourceTree = "<group>"; fileEncoding = 4; lastKnownFileType = sourcecode.c.h; explicitFileType = undefined; includeInIndex = 0; };
		64EBFD955A7144768F92C5A4 /* UNIUrlConnection.h */ = {isa = PBXFileReference; name = "UNIUrlConnection.h"; path = "ionic-plugin-deploy/UNIUrlConnection.h"; sourceTree = "<group>"; fileEncoding = 4; lastKnownFileType = sourcecode.c.h; explicitFileType = undefined; includeInIndex = 0; };
		23569618374F4C7BAAD114EF /* UNIBaseRequest.h */ = {isa = PBXFileReference; name = "UNIBaseRequest.h"; path = "ionic-plugin-deploy/UNIBaseRequest.h"; sourceTree = "<group>"; fileEncoding = 4; lastKnownFileType = sourcecode.c.h; explicitFileType = undefined; includeInIndex = 0; };
		7B25B697D6D047B1B6D11A72 /* UNIBodyRequest.h */ = {isa = PBXFileReference; name = "UNIBodyRequest.h"; path = "ionic-plugin-deploy/UNIBodyRequest.h"; sourceTree = "<group>"; fileEncoding = 4; lastKnownFileType = sourcecode.c.h; explicitFileType = undefined; includeInIndex = 0; };
		DDF36F32414F4C1E8DB44027 /* UNISimpleRequest.h */ = {isa = PBXFileReference; name = "UNISimpleRequest.h"; path = "ionic-plugin-deploy/UNISimpleRequest.h"; sourceTree = "<group>"; fileEncoding = 4; lastKnownFileType = sourcecode.c.h; explicitFileType = undefined; includeInIndex = 0; };
		0A2C5482ED594FDB89BCF8A7 /* UNIHTTPBinaryResponse.h */ = {isa = PBXFileReference; name = "UNIHTTPBinaryResponse.h"; path = "ionic-plugin-deploy/UNIHTTPBinaryResponse.h"; sourceTree = "<group>"; fileEncoding = 4; lastKnownFileType = sourcecode.c.h; explicitFileType = undefined; includeInIndex = 0; };
		1733A0B85C824BD19C2B3075 /* UNIHTTPJsonResponse.h */ = {isa = PBXFileReference; name = "UNIHTTPJsonResponse.h"; path = "ionic-plugin-deploy/UNIHTTPJsonResponse.h"; sourceTree = "<group>"; fileEncoding = 4; lastKnownFileType = sourcecode.c.h; explicitFileType = undefined; includeInIndex = 0; };
		C138763653C74954B6AC9F04 /* UNIHTTPResponse.h */ = {isa = PBXFileReference; name = "UNIHTTPResponse.h"; path = "ionic-plugin-deploy/UNIHTTPResponse.h"; sourceTree = "<group>"; fileEncoding = 4; lastKnownFileType = sourcecode.c.h; explicitFileType = undefined; includeInIndex = 0; };
		20582D28250B4E0098FA578B /* UNIHTTPStringResponse.h */ = {isa = PBXFileReference; name = "UNIHTTPStringResponse.h"; path = "ionic-plugin-deploy/UNIHTTPStringResponse.h"; sourceTree = "<group>"; fileEncoding = 4; lastKnownFileType = sourcecode.c.h; explicitFileType = undefined; includeInIndex = 0; };
		2CD7D5D359DE4FEC9ED66CA8 /* UNIJsonNode.h */ = {isa = PBXFileReference; name = "UNIJsonNode.h"; path = "ionic-plugin-deploy/UNIJsonNode.h"; sourceTree = "<group>"; fileEncoding = 4; lastKnownFileType = sourcecode.c.h; explicitFileType = undefined; includeInIndex = 0; };
/* End PBXFileReference section */

/* Begin PBXFrameworksBuildPhase section */
		1D60588F0D05DD3D006BFB54 /* Frameworks */ = {
			isa = PBXFrameworksBuildPhase;
			buildActionMask = 2147483647;
			files = (
				301BF552109A68D80062928A /* libCordova.a in Frameworks */,
				64CED9E72BA1427AB18967FE /* Bolts.framework in Frameworks */,
				909F235E4A29454F90B3BE74 /* FBSDKCoreKit.framework in Frameworks */,
				39C3BED06FC3413698CE1957 /* FBSDKLoginKit.framework in Frameworks */,
				52D7631E10D04E9BB4274757 /* FBSDKShareKit.framework in Frameworks */,
			);
			runOnlyForDeploymentPostprocessing = 0;
		};
/* End PBXFrameworksBuildPhase section */

/* Begin PBXGroup section */
		080E96DDFE201D6D7F000001 /* Classes */ = {
			isa = PBXGroup;
			children = (
				302D95EE14D2391D003F00A1 /* MainViewController.h */,
				302D95EF14D2391D003F00A1 /* MainViewController.m */,
				302D95F014D2391D003F00A1 /* MainViewController.xib */,
				1D3623240D0F684500981E51 /* AppDelegate.h */,
				1D3623250D0F684500981E51 /* AppDelegate.m */,
			);
			name = Classes;
			path = "Somali Food/Classes";
			sourceTree = SOURCE_ROOT;
		};
		19C28FACFE9D520D11CA2CBB /* Products */ = {
			isa = PBXGroup;
			children = (
				1D6058910D05DD3D006BFB54 /* Somali Food.app */,
			);
			name = Products;
			sourceTree = "<group>";
		};
		29B97314FDCFA39411CA2CEA /* CustomTemplate */ = {
			isa = PBXGroup;
			children = (
				EB87FDF41871DAF40020F90C /* config.xml */,
				EB87FDF31871DA8E0020F90C /* www */,
				EB87FDF11871DA420020F90C /* Staging */,
				301BF52D109A57CC0062928A /* CordovaLib.xcodeproj */,
				080E96DDFE201D6D7F000001 /* Classes */,
				307C750510C5A3420062BCA9 /* Plugins */,
				29B97315FDCFA39411CA2CEA /* Other Sources */,
				29B97317FDCFA39411CA2CEA /* Resources */,
				29B97323FDCFA39411CA2CEA /* Frameworks */,
				19C28FACFE9D520D11CA2CBB /* Products */,
			);
			name = CustomTemplate;
			sourceTree = "<group>";
		};
		29B97315FDCFA39411CA2CEA /* Other Sources */ = {
			isa = PBXGroup;
			children = (
				32CA4F630368D1EE00C91783 /* Somali Food-Prefix.pch */,
				29B97316FDCFA39411CA2CEA /* main.m */,
				ED33DF2A687741AEAF9F8254 /* Bridging-Header.h */,
			);
			name = "Other Sources";
			path = "Somali Food";
			sourceTree = "<group>";
		};
		29B97317FDCFA39411CA2CEA /* Resources */ = {
			isa = PBXGroup;
			children = (
				0207DA571B56EA530066E2B4 /* Images.xcassets */,
				3047A50E1AB8057F00498E2A /* config */,
				8D1107310486CEB800E47090 /* Somali Food-Info.plist */,
			);
			name = Resources;
			path = "Somali Food/Resources";
			sourceTree = "<group>";
		};
		29B97323FDCFA39411CA2CEA /* Frameworks */ = {
			isa = PBXGroup;
			children = (
				291BCE3EEACB4D37845D75E4 /* Bolts.framework */,
				745A63C0293849E1B1CD632F /* FBSDKCoreKit.framework */,
				5117E42BE2294E4BB6CAD4E2 /* FBSDKLoginKit.framework */,
				C3C9BB8FD8A54FB1957CECB0 /* FBSDKShareKit.framework */,
			);
			name = Frameworks;
			sourceTree = "<group>";
		};
		301BF52E109A57CC0062928A /* Products */ = {
			isa = PBXGroup;
			children = (
				301BF535109A57CC0062928A /* libCordova.a */,
			);
			name = Products;
			sourceTree = "<group>";
		};
		3047A50E1AB8057F00498E2A /* config */ = {
			isa = PBXGroup;
			children = (
				3047A50F1AB8059700498E2A /* build-debug.xcconfig */,
				3047A5101AB8059700498E2A /* build-release.xcconfig */,
				3047A5111AB8059700498E2A /* build.xcconfig */,
			);
			name = config;
			sourceTree = "<group>";
		};
		307C750510C5A3420062BCA9 /* Plugins */ = {
			isa = PBXGroup;
			children = (
				82A83F72190E4BE8A5835B6B /* CDVLogger.m */,
				271A023D8F4E4FE4B45FA111 /* CDVLogger.h */,
				9E971D5A453B433EA061826F /* CDVDevice.m */,
				5781CD8DC1F842EFA12B1067 /* CDVDevice.h */,
				2A7E4D09F0EE418E93FF7109 /* FacebookConnectPlugin.m */,
				02FF9B57701E4D3EAEC9FB40 /* FacebookConnectPlugin.h */,
				0F79D14E9E124304B1048E55 /* CDVInAppBrowser.m */,
				7D42E7C26BA8481EBE3308D7 /* CDVInAppBrowser.h */,
				F1EBCEB952F54356B1962CDF /* CDVSplashScreen.m */,
				F1F7E69677EC494482933D10 /* CDVViewController+SplashScreen.m */,
				C0ED348A989D433DBFE36227 /* CDVSplashScreen.h */,
				388B467246F542048458FA9A /* CDVViewController+SplashScreen.h */,
				3B88E45947524B94BAAA7F43 /* CDVStatusBar.m */,
				6963A4D9E509418EB17799C0 /* CDVStatusBar.h */,
				441BA12598CF4109A1795760 /* IonicKeyboard.m */,
				5E8CCF81043E49279FD1D2F5 /* UIWebViewExtension.m */,
				60C6DD61C98B464EA3626505 /* IonicKeyboard.h */,
				0339A15050E14C80AD8BFF71 /* UIWebViewExtension.h */,
				6D6EED87A5FC4D93868A44D8 /* IonicConstant.m */,
				745C4CB609CA4CACB8679901 /* IonicDeploy.m */,
				61C6E3007978463D9DF09263 /* Download.m */,
				C6D258D5258B4B609325F95A /* DownloadManager.m */,
				A6A8CB396D384DAABF1E0307 /* SSZipArchive.m */,
				DBD8301BED184D4D93AA8BCC /* ioapi.c */,
				56F76E05F39C49BCA324B898 /* unzip.c */,
				C6A83902C44C4D38AA1E0819 /* zip.c */,
				31C15C9CBB854013B48F489A /* adler32.c */,
				B425F1E84B5843EE826C717D /* compress.c */,
				5DF11489E95F4F65A9261B0E /* crc32.c */,
				8C754EC41AC34808991D7AFE /* deflate.c */,
				A6F863B3EF004DBFA3E617EC /* gzclose.c */,
				C8CEA6273F86434F9D968C4B /* gzlib.c */,
				ECCE5FB53DA24822846844D3 /* gzread.c */,
				F95BC47DD68040BF9FAC6D95 /* gzwrite.c */,
				3D9A2440CF4F420CBF4BF915 /* infback.c */,
				C8EA334946AC4554903EE03E /* inffast.c */,
				A6EB181D88824500AE656222 /* inflate.c */,
				47FCD2C8EAB6402D907B3CC0 /* inftrees.c */,
				9D698D106B8649B292B9723E /* trees.c */,
				7C27F4032FD54BF3863D48CB /* uncompr.c */,
				0BC873FC1C9443E4B7CEED48 /* zutil.c */,
				EE0FBAF6D0334733838C4359 /* Base64.m */,
				856947EC287C4E3C96A54AE3 /* UNIHTTPClientHelper.m */,
				44C971AC68D447B7A78E16DE /* UNIHTTPRequest.m */,
				7CBFDC5E748B45F49F9929C6 /* UNIHTTPRequestWithBody.m */,
				995D1B0E790E4823A52F3EA9 /* UNIRest.m */,
				5E10BB71D89344379F6BCA52 /* UNIUrlConnection.m */,
				DF1256765A6F4813B2ED0312 /* UNIBaseRequest.m */,
				3EFB1AE7E59643268EFC2838 /* UNIBodyRequest.m */,
				74CDF528F53D439B98809B6B /* UNISimpleRequest.m */,
				E0E7DA43E2FB44DA8C53C2AD /* UNIHTTPBinaryResponse.m */,
				05552DCF0135457A9F4139AF /* UNIHTTPJsonResponse.m */,
				BD0F2D416D8A4CE7A610E141 /* UNIHTTPResponse.m */,
				F11E0DD86B6F4AD2A5E050BC /* UNIHTTPStringResponse.m */,
				B7FC6EB6EC8A425E97E45D77 /* UNIJsonNode.m */,
				E636A5DFA1004B4C94853904 /* IonicConstant.h */,
				05A4753C94E2416DB27BFD57 /* IonicDeploy.h */,
				A6B92F74805247C68A393B5F /* Download.h */,
				773D108683F7447382FECD33 /* DownloadManager.h */,
				6629018C45EA4324A5B0DF78 /* SSZipArchive.h */,
				DA582807420D4956B9E80393 /* ARCHelper.h */,
				C40F8708AD764FFA82FD4245 /* crypt.h */,
				91D6BC4691EE45188B9A9EDA /* ioapi.h */,
				4BED52A2399748579B14FF68 /* unzip.h */,
				17289158045D46858A0CFD25 /* zip.h */,
				66EE7BA725A84408B5F1B4F3 /* crc32.h */,
				CF534FD4A817444097AABFFB /* deflate.h */,
				BD64402E81094140A98E8CA8 /* gzguts.h */,
				82833880DB3B486D987DE0A3 /* inffast.h */,
				AD1A1265B6C142EBB06566C8 /* inffixed.h */,
				26587A9B15374744933375AE /* inflate.h */,
				A129206840714BB7BA23DB3E /* inftrees.h */,
				395039935BF7408C8787D053 /* trees.h */,
				57867E0A7C01460781F41A83 /* zconf.h */,
				4EB35B9323604AD18564253A /* zlib.h */,
				D9B6530CA8DF4A58B2A48675 /* zutil.h */,
				7CE17AF14A3C4E079F479C87 /* Base64.h */,
				0D410DE67C8A434AB84960DC /* UNIHTTPClientHelper.h */,
				E852AF9EB1644609B531AF23 /* UNIHTTPRequest.h */,
				C36A34A78D714AF688778697 /* UNIHTTPRequestWithBody.h */,
				D85C72F609C3450785FE4FF4 /* Unirest-Prefix.pch */,
				C775823ACE814FD5B1B9E731 /* UNIRest.h */,
				64EBFD955A7144768F92C5A4 /* UNIUrlConnection.h */,
				23569618374F4C7BAAD114EF /* UNIBaseRequest.h */,
				7B25B697D6D047B1B6D11A72 /* UNIBodyRequest.h */,
				DDF36F32414F4C1E8DB44027 /* UNISimpleRequest.h */,
				0A2C5482ED594FDB89BCF8A7 /* UNIHTTPBinaryResponse.h */,
				1733A0B85C824BD19C2B3075 /* UNIHTTPJsonResponse.h */,
				C138763653C74954B6AC9F04 /* UNIHTTPResponse.h */,
				20582D28250B4E0098FA578B /* UNIHTTPStringResponse.h */,
				2CD7D5D359DE4FEC9ED66CA8 /* UNIJsonNode.h */,
			);
			name = Plugins;
			path = "Somali Food/Plugins";
			sourceTree = SOURCE_ROOT;
		};
		EB87FDF11871DA420020F90C /* Staging */ = {
			isa = PBXGroup;
			children = (
				F840E1F0165FE0F500CFE078 /* config.xml */,
				301BF56E109A69640062928A /* www */,
			);
			name = Staging;
			sourceTree = "<group>";
		};
/* End PBXGroup section */

/* Begin PBXNativeTarget section */
		1D6058900D05DD3D006BFB54 /* Somali Food */ = {
			isa = PBXNativeTarget;
			buildConfigurationList = 1D6058960D05DD3E006BFB54 /* Build configuration list for PBXNativeTarget "Somali Food" */;
			buildPhases = (
				304B58A110DAC018002A0835 /* Copy www directory */,
				1D60588D0D05DD3D006BFB54 /* Resources */,
				1D60588E0D05DD3D006BFB54 /* Sources */,
				1D60588F0D05DD3D006BFB54 /* Frameworks */,
			);
			buildRules = (
			);
			dependencies = (
				301BF551109A68C00062928A /* PBXTargetDependency */,
			);
			name = "Somali Food";
			productName = "Somali Food";
			productReference = 1D6058910D05DD3D006BFB54 /* Somali Food.app */;
			productType = "com.apple.product-type.application";
		};
/* End PBXNativeTarget section */

/* Begin PBXProject section */
		29B97313FDCFA39411CA2CEA /* Project object */ = {
			isa = PBXProject;
			attributes = {
				LastUpgradeCheck = 510;
			};
			buildConfigurationList = C01FCF4E08A954540054247B /* Build configuration list for PBXProject "__NON-CLI__" */;
			compatibilityVersion = "Xcode 3.2";
			developmentRegion = English;
			hasScannedForEncodings = 1;
			mainGroup = 29B97314FDCFA39411CA2CEA /* CustomTemplate */;
			projectDirPath = "";
			projectReferences = (
				{
					ProductGroup = 301BF52E109A57CC0062928A /* Products */;
					ProjectRef = 301BF52D109A57CC0062928A /* CordovaLib.xcodeproj */;
				},
			);
			projectRoot = "";
			targets = (
				1D6058900D05DD3D006BFB54 /* Somali Food */,
			);
		};
/* End PBXProject section */

/* Begin PBXReferenceProxy section */
		301BF535109A57CC0062928A /* libCordova.a */ = {
			isa = PBXReferenceProxy;
			fileType = archive.ar;
			path = libCordova.a;
			remoteRef = 301BF534109A57CC0062928A /* PBXContainerItemProxy */;
			sourceTree = BUILT_PRODUCTS_DIR;
		};
/* End PBXReferenceProxy section */

/* Begin PBXResourcesBuildPhase section */
		1D60588D0D05DD3D006BFB54 /* Resources */ = {
			isa = PBXResourcesBuildPhase;
			buildActionMask = 2147483647;
			files = (
				302D95F214D2391D003F00A1 /* MainViewController.xib in Resources */,
				0207DA581B56EA530066E2B4 /* Images.xcassets in Resources */,
			);
			runOnlyForDeploymentPostprocessing = 0;
		};
/* End PBXResourcesBuildPhase section */

/* Begin PBXShellScriptBuildPhase section */
		304B58A110DAC018002A0835 /* Copy www directory */ = {
			isa = PBXShellScriptBuildPhase;
			buildActionMask = 2147483647;
			files = (
			);
			inputPaths = (
			);
			name = "Copy www directory";
			outputPaths = (
			);
			runOnlyForDeploymentPostprocessing = 0;
			shellPath = /bin/sh;
			shellScript = "NODEJS_PATH=/usr/local/bin; NVM_NODE_PATH=~/.nvm/versions/node/`nvm version 2>/dev/null`/bin; N_NODE_PATH=`find /usr/local/n/versions/node/* -maxdepth 0 -type d 2>/dev/null | tail -1`/bin; XCODE_NODE_PATH=`xcode-select --print-path`/usr/share/xcs/Node/bin; PATH=$NODEJS_PATH:$NVM_NODE_PATH:$N_NODE_PATH:$XCODE_NODE_PATH:$PATH && node cordova/lib/copy-www-build-step.js";
			showEnvVarsInLog = 0;
		};
/* End PBXShellScriptBuildPhase section */

/* Begin PBXSourcesBuildPhase section */
		1D60588E0D05DD3D006BFB54 /* Sources */ = {
			isa = PBXSourcesBuildPhase;
			buildActionMask = 2147483647;
			files = (
				1D60589B0D05DD56006BFB54 /* main.m in Sources */,
				1D3623260D0F684500981E51 /* AppDelegate.m in Sources */,
				302D95F114D2391D003F00A1 /* MainViewController.m in Sources */,
				5237D2A738574087A80CCA47 /* CDVLogger.m in Sources */,
				FAEE4BAE43D14EB7A8EE60C0 /* CDVDevice.m in Sources */,
				7CBCFC6BFC304B1CB72B0E54 /* FacebookConnectPlugin.m in Sources */,
				328BB788FF634EFC883823EB /* CDVInAppBrowser.m in Sources */,
				085C02FAFE7B48BA980D986B /* CDVSplashScreen.m in Sources */,
				F4F466C3D6F54760B575C602 /* CDVViewController+SplashScreen.m in Sources */,
				7CCCDBC6D41C481EBBE899D3 /* CDVStatusBar.m in Sources */,
				9F88847DF6974BC1A67C676C /* IonicKeyboard.m in Sources */,
				F1C044062FD74B1B826950D0 /* UIWebViewExtension.m in Sources */,
				3383B4A967254EC29FAADA8C /* IonicConstant.m in Sources */,
				69E9A0C3ACE443DDA0B5F7B2 /* IonicDeploy.m in Sources */,
				30849CD54DF84A3B8D6B7027 /* Download.m in Sources */,
				50EDE88D702444239E62424D /* DownloadManager.m in Sources */,
				A0AD93BD952F4F26ACD9FD2A /* SSZipArchive.m in Sources */,
				AE17C38CC6D442228EDF8CFC /* ioapi.c in Resources */,
				6E614B0809434AB480671F5B /* unzip.c in Resources */,
				7EC3B997075A4516BE0498A4 /* zip.c in Resources */,
				511A42203153412BADE9F74A /* adler32.c in Resources */,
				F5BE2C74897447CE9F7FF251 /* compress.c in Resources */,
				06C843C3ABEB40DAAA68F304 /* crc32.c in Resources */,
				0913C331A6084D42ACD55DF6 /* deflate.c in Resources */,
				A1EBC95C28E74CADA20C8C67 /* gzclose.c in Resources */,
				BE0B4E68CE4E411F85643E80 /* gzlib.c in Resources */,
				6F42FFD0EC1F42B6B1AF3B71 /* gzread.c in Resources */,
				9F0E3A15ECCE4F1DB0D4168B /* gzwrite.c in Resources */,
				C6286D1E7F074066946A0805 /* infback.c in Resources */,
				7FCAEFE4B8A34338A6E1BDF7 /* inffast.c in Resources */,
				19C876D78CFE4431BCB3D577 /* inflate.c in Resources */,
				C1BA80AB9B67498091DF837F /* inftrees.c in Resources */,
				CDF01C5653AD4D21900E0D53 /* trees.c in Resources */,
				323283157188486A825A4CB1 /* uncompr.c in Resources */,
				3C66EEF28FAB46E4B984E2A7 /* zutil.c in Resources */,
				5BAF5272710C4F8D8E0734D5 /* Base64.m in Sources */,
				078564C644AA4A8082140143 /* UNIHTTPClientHelper.m in Sources */,
				6F1774F8D3B649C4951334E0 /* UNIHTTPRequest.m in Sources */,
				139E135C62284FC89CBA383A /* UNIHTTPRequestWithBody.m in Sources */,
				10D55FD8A143420D8CAD7EF7 /* UNIRest.m in Sources */,
				EC81FD2D9E0547A0AADE54D2 /* UNIUrlConnection.m in Sources */,
				0F7ACFC2DFE5475C97548F5D /* UNIBaseRequest.m in Sources */,
				CBF559A5498E4303920E17D8 /* UNIBodyRequest.m in Sources */,
				300AFCFD4D8148E380DD1001 /* UNISimpleRequest.m in Sources */,
				CB4EE6A872174D19A2022945 /* UNIHTTPBinaryResponse.m in Sources */,
				32DD9B49446D46E7AE405109 /* UNIHTTPJsonResponse.m in Sources */,
				1DEA9C48F474493685FB87D8 /* UNIHTTPResponse.m in Sources */,
				5890DF0A1A8A4238A6B88E1C /* UNIHTTPStringResponse.m in Sources */,
				EB6D4BD8840B4D44B6DE7879 /* UNIJsonNode.m in Sources */,
			);
			runOnlyForDeploymentPostprocessing = 0;
		};
/* End PBXSourcesBuildPhase section */

/* Begin PBXTargetDependency section */
		301BF551109A68C00062928A /* PBXTargetDependency */ = {
			isa = PBXTargetDependency;
			name = CordovaLib;
			targetProxy = 301BF550109A68C00062928A /* PBXContainerItemProxy */;
		};
/* End PBXTargetDependency section */

/* Begin XCBuildConfiguration section */
		1D6058940D05DD3E006BFB54 /* Debug */ = {
			isa = XCBuildConfiguration;
			baseConfigurationReference = 3047A50F1AB8059700498E2A /* build-debug.xcconfig */;
			buildSettings = {
				ALWAYS_SEARCH_USER_PATHS = NO;
				ASSETCATALOG_COMPILER_APPICON_NAME = AppIcon;
				ASSETCATALOG_COMPILER_LAUNCHIMAGE_NAME = LaunchImage;
				CLANG_ENABLE_MODULES = YES;
				CLANG_ENABLE_OBJC_ARC = YES;
				COPY_PHASE_STRIP = NO;
				GCC_DYNAMIC_NO_PIC = NO;
				GCC_OPTIMIZATION_LEVEL = 0;
				GCC_PRECOMPILE_PREFIX_HEADER = YES;
				GCC_PREFIX_HEADER = "Somali Food/Somali Food-Prefix.pch";
				GCC_THUMB_SUPPORT = NO;
				GCC_VERSION = "";
				INFOPLIST_FILE = "Somali Food/Somali Food-Info.plist";
				LD_RUNPATH_SEARCH_PATHS = "@executable_path/Frameworks";
				PRODUCT_NAME = "Somali Food";
				FRAMEWORK_SEARCH_PATHS = (
					"$(inherited)",
					"\"Somali Food/Plugins/cordova-plugin-facebook4\"",
					"\"Somali Food/Plugins/cordova-plugin-facebook4\"",
					"\"Somali Food/Plugins/cordova-plugin-facebook4\"",
					"\"Somali Food/Plugins/cordova-plugin-facebook4\"",
					"\"Somali Food/Plugins/cordova-plugin-facebook4\"",
					"\"Somali Food/Plugins/cordova-plugin-facebook4\"",
					"\"Somali Food/Plugins/cordova-plugin-facebook4\"",
					"\"Somali Food/Plugins/cordova-plugin-facebook4\"",
				);
			};
			name = Debug;
		};
		1D6058950D05DD3E006BFB54 /* Release */ = {
			isa = XCBuildConfiguration;
			baseConfigurationReference = 3047A5101AB8059700498E2A /* build-release.xcconfig */;
			buildSettings = {
				ALWAYS_SEARCH_USER_PATHS = NO;
				ASSETCATALOG_COMPILER_APPICON_NAME = AppIcon;
				ASSETCATALOG_COMPILER_LAUNCHIMAGE_NAME = LaunchImage;
				CLANG_ENABLE_MODULES = YES;
				CLANG_ENABLE_OBJC_ARC = YES;
				COPY_PHASE_STRIP = YES;
				GCC_PRECOMPILE_PREFIX_HEADER = YES;
				GCC_PREFIX_HEADER = "Somali Food/Somali Food-Prefix.pch";
				GCC_THUMB_SUPPORT = NO;
				GCC_VERSION = "";
				INFOPLIST_FILE = "Somali Food/Somali Food-Info.plist";
				PRODUCT_NAME = "Somali Food";
				FRAMEWORK_SEARCH_PATHS = (
					"$(inherited)",
					"\"Somali Food/Plugins/cordova-plugin-facebook4\"",
					"\"Somali Food/Plugins/cordova-plugin-facebook4\"",
					"\"Somali Food/Plugins/cordova-plugin-facebook4\"",
					"\"Somali Food/Plugins/cordova-plugin-facebook4\"",
					"\"Somali Food/Plugins/cordova-plugin-facebook4\"",
					"\"Somali Food/Plugins/cordova-plugin-facebook4\"",
					"\"Somali Food/Plugins/cordova-plugin-facebook4\"",
					"\"Somali Food/Plugins/cordova-plugin-facebook4\"",
				);
			};
			name = Release;
		};
		C01FCF4F08A954540054247B /* Debug */ = {
			isa = XCBuildConfiguration;
			baseConfigurationReference = 3047A5111AB8059700498E2A /* build.xcconfig */;
			buildSettings = {
				CLANG_ENABLE_MODULES = YES;
				CLANG_ENABLE_OBJC_ARC = YES;
				CLANG_WARN_BOOL_CONVERSION = YES;
				CLANG_WARN_CONSTANT_CONVERSION = YES;
				CLANG_WARN_EMPTY_BODY = YES;
				CLANG_WARN_ENUM_CONVERSION = YES;
				CLANG_WARN_INT_CONVERSION = YES;
				CLANG_WARN__DUPLICATE_METHOD_MATCH = YES;
				GCC_C_LANGUAGE_STANDARD = c99;
				GCC_THUMB_SUPPORT = NO;
				GCC_VERSION = "";
				GCC_WARN_ABOUT_RETURN_TYPE = YES;
				GCC_WARN_UNDECLARED_SELECTOR = YES;
				GCC_WARN_UNINITIALIZED_AUTOS = YES;
				GCC_WARN_UNUSED_FUNCTION = YES;
				GCC_WARN_UNUSED_VARIABLE = YES;
				ONLY_ACTIVE_ARCH = YES;
				SDKROOT = iphoneos;
				SKIP_INSTALL = NO;
			};
			name = Debug;
		};
		C01FCF5008A954540054247B /* Release */ = {
			isa = XCBuildConfiguration;
			baseConfigurationReference = 3047A5111AB8059700498E2A /* build.xcconfig */;
			buildSettings = {
				CLANG_ENABLE_MODULES = YES;
				CLANG_ENABLE_OBJC_ARC = YES;
				CLANG_WARN_BOOL_CONVERSION = YES;
				CLANG_WARN_CONSTANT_CONVERSION = YES;
				CLANG_WARN_EMPTY_BODY = YES;
				CLANG_WARN_ENUM_CONVERSION = YES;
				CLANG_WARN_INT_CONVERSION = YES;
				CLANG_WARN__DUPLICATE_METHOD_MATCH = YES;
				GCC_C_LANGUAGE_STANDARD = c99;
				GCC_THUMB_SUPPORT = NO;
				GCC_VERSION = "";
				GCC_WARN_ABOUT_RETURN_TYPE = YES;
				GCC_WARN_UNDECLARED_SELECTOR = YES;
				GCC_WARN_UNINITIALIZED_AUTOS = YES;
				GCC_WARN_UNUSED_FUNCTION = YES;
				GCC_WARN_UNUSED_VARIABLE = YES;
				SDKROOT = iphoneos;
				SKIP_INSTALL = NO;
			};
			name = Release;
		};
/* End XCBuildConfiguration section */

/* Begin XCConfigurationList section */
		1D6058960D05DD3E006BFB54 /* Build configuration list for PBXNativeTarget "Somali Food" */ = {
			isa = XCConfigurationList;
			buildConfigurations = (
				1D6058940D05DD3E006BFB54 /* Debug */,
				1D6058950D05DD3E006BFB54 /* Release */,
			);
			defaultConfigurationIsVisible = 0;
			defaultConfigurationName = Release;
		};
		C01FCF4E08A954540054247B /* Build configuration list for PBXProject "__NON-CLI__" */ = {
			isa = XCConfigurationList;
			buildConfigurations = (
				C01FCF4F08A954540054247B /* Debug */,
				C01FCF5008A954540054247B /* Release */,
			);
			defaultConfigurationIsVisible = 0;
			defaultConfigurationName = Release;
		};
/* End XCConfigurationList section */
	};
	rootObject = 29B97313FDCFA39411CA2CEA /* Project object */;
}
