// !$*UTF8*$!
{
	archiveVersion = 1;
	classes = {
	};
	objectVersion = 46;
	objects = {
/* Begin PBXBuildFile section */
		0207DA581B56EA530066E2B4 /* Images.xcassets in Resources */ = {isa = PBXBuildFile; fileRef = 0207DA571B56EA530066E2B4 /* Images.xcassets */; };
		1D3623260D0F684500981E51 /* AppDelegate.m in Sources */ = {isa = PBXBuildFile; fileRef = 1D3623250D0F684500981E51 /* AppDelegate.m */; };
		1D60589B0D05DD56006BFB54 /* main.m in Sources */ = {isa = PBXBuildFile; fileRef = 29B97316FDCFA39411CA2CEA /* main.m */; };
		301BF552109A68D80062928A /* libCordova.a in Frameworks */ = {isa = PBXBuildFile; fileRef = 301BF535109A57CC0062928A /* libCordova.a */; };
		302D95F114D2391D003F00A1 /* MainViewController.m in Sources */ = {isa = PBXBuildFile; fileRef = 302D95EF14D2391D003F00A1 /* MainViewController.m */; };
		302D95F214D2391D003F00A1 /* MainViewController.xib in Resources */ = {isa = PBXBuildFile; fileRef = 302D95F014D2391D003F00A1 /* MainViewController.xib */; };
		3047A5121AB8059700498E2A /* build-debug.xcconfig in Resources */ = {isa = PBXBuildFile; fileRef = 3047A50F1AB8059700498E2A /* build-debug.xcconfig */; };
		3047A5131AB8059700498E2A /* build-release.xcconfig in Resources */ = {isa = PBXBuildFile; fileRef = 3047A5101AB8059700498E2A /* build-release.xcconfig */; };
		3047A5141AB8059700498E2A /* build.xcconfig in Resources */ = {isa = PBXBuildFile; fileRef = 3047A5111AB8059700498E2A /* build.xcconfig */; };
		616318C2A39E4BF8912ADE27 /* CDVLogger.m in Sources */ = {isa = PBXBuildFile; fileRef = C0E532B32BB94DF08B9178A1 /* CDVLogger.m */; };
		54583903EAD149F5B3754F57 /* CDVDevice.m in Sources */ = {isa = PBXBuildFile; fileRef = 9A7C803BAA634C4FBD731F06 /* CDVDevice.m */; };
		0E75BBA5A67A422485680C03 /* FacebookConnectPlugin.m in Sources */ = {isa = PBXBuildFile; fileRef = 611CEDBA9A8D4C91935F0974 /* FacebookConnectPlugin.m */; };
		0B326C8886844D28AC5119ED /* Bolts.framework in Frameworks */ = {isa = PBXBuildFile; fileRef = 88065982A0D6466C9135FCD6 /* Bolts.framework */; };
		37E9BE8F0305466097584327 /* FBSDKCoreKit.framework in Frameworks */ = {isa = PBXBuildFile; fileRef = 89311C3CB2EB4805A277D483 /* FBSDKCoreKit.framework */; };
		39E9BB207C3D48609A2CF8B0 /* FBSDKLoginKit.framework in Frameworks */ = {isa = PBXBuildFile; fileRef = 25E41B02B7B44F5D97706592 /* FBSDKLoginKit.framework */; };
		82670E238EDD431EA6147530 /* FBSDKShareKit.framework in Frameworks */ = {isa = PBXBuildFile; fileRef = BAB3F610484849ECA7E4C2CE /* FBSDKShareKit.framework */; };
		1227C0763BBD434DA08D644C /* CDVInAppBrowser.m in Sources */ = {isa = PBXBuildFile; fileRef = 8E7EBE0E2EFA45E1BFFD0B8F /* CDVInAppBrowser.m */; };
		5622B815A4E942ECB0B71EC5 /* CDVSplashScreen.m in Sources */ = {isa = PBXBuildFile; fileRef = C128C6797A994194B0E68ACF /* CDVSplashScreen.m */; };
		E5F1690930914AD9B267B660 /* CDVViewController+SplashScreen.m in Sources */ = {isa = PBXBuildFile; fileRef = 2B4A5E9C44D34AB8A033E23C /* CDVViewController+SplashScreen.m */; };
		33A1BD40D32F4AA68774FE01 /* CDVStatusBar.m in Sources */ = {isa = PBXBuildFile; fileRef = 84C6F6A5DE724931B3767F20 /* CDVStatusBar.m */; };
		A809094280D1493381881BAE /* IonicConstant.m in Sources */ = {isa = PBXBuildFile; fileRef = F79FA5C3CDFB42F7931F0B17 /* IonicConstant.m */; };
		1FBA24AB971D4EC5A3E590B5 /* IonicDeploy.m in Sources */ = {isa = PBXBuildFile; fileRef = 6918F86202F24027A99E24F4 /* IonicDeploy.m */; };
		9F3B67736CBE48E0A1D40AEA /* Download.m in Sources */ = {isa = PBXBuildFile; fileRef = DBE36CD6DF4549F6997FE1AC /* Download.m */; };
		E57F0D3007354095A4290E0B /* DownloadManager.m in Sources */ = {isa = PBXBuildFile; fileRef = 7BCEEAFAA81349D39BD9A544 /* DownloadManager.m */; };
		5C9C6B9E4528480BA394EA36 /* SSZipArchive.m in Sources */ = {isa = PBXBuildFile; fileRef = 394DF60E42BC4EA4BC90BA49 /* SSZipArchive.m */; };
		4835442F3F934F35916D697A /* ioapi.c in Resources */ = {isa = PBXBuildFile; fileRef = 5B2C44E359AC452AAED74F68 /* ioapi.c */; };
		A99B7B04CFFD412189057F57 /* unzip.c in Resources */ = {isa = PBXBuildFile; fileRef = D7B436E8DB0F4356BE143201 /* unzip.c */; };
		87A65B32EC644E9BA5CB7C2A /* zip.c in Resources */ = {isa = PBXBuildFile; fileRef = 4D53F7EE719246F2BFC78309 /* zip.c */; };
		70AB51126FF946B09DB85BB2 /* adler32.c in Resources */ = {isa = PBXBuildFile; fileRef = 3DF904DFD04C418F9141CC57 /* adler32.c */; };
		03AB805FAD7344E085FF4CEF /* compress.c in Resources */ = {isa = PBXBuildFile; fileRef = DA14BFF0C0B44D9EA9675AF3 /* compress.c */; };
		651BB40B02EE4D6796CEABFF /* crc32.c in Resources */ = {isa = PBXBuildFile; fileRef = C6780BA4B1A54612A24F66B8 /* crc32.c */; };
		2856A20E245B4CF9A6838C6B /* deflate.c in Resources */ = {isa = PBXBuildFile; fileRef = 35B7243E1D5E4AF99BF8A2D1 /* deflate.c */; };
		296EA84B967345F583E6C449 /* gzclose.c in Resources */ = {isa = PBXBuildFile; fileRef = 5BB512A9FCCF4E95A3B7F8A9 /* gzclose.c */; };
		FA6168FC1F1942F685B2AFFD /* gzlib.c in Resources */ = {isa = PBXBuildFile; fileRef = 23C0799C0CCB44FAA94C0046 /* gzlib.c */; };
		6B4173806697404C8216E6B3 /* gzread.c in Resources */ = {isa = PBXBuildFile; fileRef = 121B30AD009149FC91E74961 /* gzread.c */; };
		6DB6478586954CBEB079C29A /* gzwrite.c in Resources */ = {isa = PBXBuildFile; fileRef = 6F9E865A85724A2FBE2A620A /* gzwrite.c */; };
		6A90DB22EBB04543BACBEB73 /* infback.c in Resources */ = {isa = PBXBuildFile; fileRef = 7AA811102E0B402EB24A1864 /* infback.c */; };
		A99A7D3054F645AB962FF80D /* inffast.c in Resources */ = {isa = PBXBuildFile; fileRef = F0A729E56E8C434E9EEE652B /* inffast.c */; };
		32EF8ED5BBA646B49A1957B5 /* inflate.c in Resources */ = {isa = PBXBuildFile; fileRef = FEE4440149D04288965F5479 /* inflate.c */; };
		C71CDB3ABC9A46D8A006C674 /* inftrees.c in Resources */ = {isa = PBXBuildFile; fileRef = 02D48D2F16754364B4DFAA87 /* inftrees.c */; };
		D1E172AF171A4005BAAE5BD8 /* trees.c in Resources */ = {isa = PBXBuildFile; fileRef = 63BD34C387834461B39A06D4 /* trees.c */; };
		BE6C9DDFBCE44C3F9AADE172 /* uncompr.c in Resources */ = {isa = PBXBuildFile; fileRef = 5C6491D0AC8048F9B97F2494 /* uncompr.c */; };
		A6DB92764E74418A8A1D4738 /* zutil.c in Resources */ = {isa = PBXBuildFile; fileRef = 25A246067E744A70A1366463 /* zutil.c */; };
		86CC8B987D7D449EB278CF13 /* Base64.m in Sources */ = {isa = PBXBuildFile; fileRef = 8EAB42A37D1B466E950C29A7 /* Base64.m */; };
		AC938233AE78400C97F1B6F4 /* UNIHTTPClientHelper.m in Sources */ = {isa = PBXBuildFile; fileRef = 78A9F8A8F6644A0C9589F38C /* UNIHTTPClientHelper.m */; };
		AA85C8B6E3694EE7B4213022 /* UNIHTTPRequest.m in Sources */ = {isa = PBXBuildFile; fileRef = 8EB50521BB2B40FF853B7E99 /* UNIHTTPRequest.m */; };
		7A6D70DF55B34134B84D22A2 /* UNIHTTPRequestWithBody.m in Sources */ = {isa = PBXBuildFile; fileRef = 2E741205CBA545688ABDAD56 /* UNIHTTPRequestWithBody.m */; };
		68784FCFACE848C39593086A /* UNIRest.m in Sources */ = {isa = PBXBuildFile; fileRef = 3B0BEA04195E4F1794A21255 /* UNIRest.m */; };
		2D62B654474D46AA8C3DAE40 /* UNIUrlConnection.m in Sources */ = {isa = PBXBuildFile; fileRef = 9B5FF846BF7444DDBC0E5973 /* UNIUrlConnection.m */; };
		749C15FFCCE14ABE907DD0E9 /* UNIBaseRequest.m in Sources */ = {isa = PBXBuildFile; fileRef = 9B2F2163706947CB9C80F927 /* UNIBaseRequest.m */; };
		8667669A67DB4C4EB475A0EB /* UNIBodyRequest.m in Sources */ = {isa = PBXBuildFile; fileRef = C219D7149FBC4B1B95071AC7 /* UNIBodyRequest.m */; };
		3176523B0CC3402898558BD9 /* UNISimpleRequest.m in Sources */ = {isa = PBXBuildFile; fileRef = 6421EFA0667940C0A7D3B72B /* UNISimpleRequest.m */; };
		996C5B2CAAC64359AF55E9EB /* UNIHTTPBinaryResponse.m in Sources */ = {isa = PBXBuildFile; fileRef = CD8A4BB751A043A9A66FC933 /* UNIHTTPBinaryResponse.m */; };
		3E8125436ECC4174872CD30B /* UNIHTTPJsonResponse.m in Sources */ = {isa = PBXBuildFile; fileRef = 78BA508FB6D74F78B5E6F57B /* UNIHTTPJsonResponse.m */; };
		6088F49A49554568AE9174A2 /* UNIHTTPResponse.m in Sources */ = {isa = PBXBuildFile; fileRef = 6669FE59378344A492AF07A5 /* UNIHTTPResponse.m */; };
		7A243D1B5D85450285700F13 /* UNIHTTPStringResponse.m in Sources */ = {isa = PBXBuildFile; fileRef = AADF6D6C6659409DA3AACAAD /* UNIHTTPStringResponse.m */; };
		8F9B42AF139D46EAA63F8787 /* UNIJsonNode.m in Sources */ = {isa = PBXBuildFile; fileRef = 75AA9C8E8C5B4F70951CB577 /* UNIJsonNode.m */; };
		ABA7D80E95A649ECBC003A2F /* IonicKeyboard.m in Sources */ = {isa = PBXBuildFile; fileRef = 99FFBB7508B34923B3E73544 /* IonicKeyboard.m */; };
		897B995CED434D56BF8A3521 /* UIWebViewExtension.m in Sources */ = {isa = PBXBuildFile; fileRef = 49CD3C5FE61744E5A4AEAF2D /* UIWebViewExtension.m */; };
/* End PBXBuildFile section */

/* Begin PBXContainerItemProxy section */
		301BF534109A57CC0062928A /* PBXContainerItemProxy */ = {
			isa = PBXContainerItemProxy;
			containerPortal = 301BF52D109A57CC0062928A /* CordovaLib.xcodeproj */;
			proxyType = 2;
			remoteGlobalIDString = D2AAC07E0554694100DB518D;
			remoteInfo = CordovaLib;
		};
		301BF550109A68C00062928A /* PBXContainerItemProxy */ = {
			isa = PBXContainerItemProxy;
			containerPortal = 301BF52D109A57CC0062928A /* CordovaLib.xcodeproj */;
			proxyType = 1;
			remoteGlobalIDString = D2AAC07D0554694100DB518D;
			remoteInfo = CordovaLib;
		};
/* End PBXContainerItemProxy section */

/* Begin PBXFileReference section */
		0207DA571B56EA530066E2B4 /* Images.xcassets */ = {isa = PBXFileReference; lastKnownFileType = folder.assetcatalog; name = Images.xcassets; path = "Somali Food/Images.xcassets"; sourceTree = SOURCE_ROOT; };
		1D3623240D0F684500981E51 /* AppDelegate.h */ = {isa = PBXFileReference; fileEncoding = 4; lastKnownFileType = sourcecode.c.h; path = AppDelegate.h; sourceTree = "<group>"; };
		1D3623250D0F684500981E51 /* AppDelegate.m */ = {isa = PBXFileReference; fileEncoding = 4; lastKnownFileType = sourcecode.c.objc; path = AppDelegate.m; sourceTree = "<group>"; };
		1D6058910D05DD3D006BFB54 /* Somali Food.app */ = {isa = PBXFileReference; explicitFileType = wrapper.application; includeInIndex = 0; path = "Somali Food.app"; sourceTree = BUILT_PRODUCTS_DIR; };
		29B97316FDCFA39411CA2CEA /* main.m */ = {isa = PBXFileReference; fileEncoding = 4; lastKnownFileType = sourcecode.c.objc; path = main.m; sourceTree = "<group>"; };
		301BF52D109A57CC0062928A /* CordovaLib.xcodeproj */ = {isa = PBXFileReference; lastKnownFileType = "wrapper.pb-project"; name = CordovaLib.xcodeproj; path = CordovaLib/CordovaLib.xcodeproj; sourceTree = "<group>"; };
		301BF56E109A69640062928A /* www */ = {isa = PBXFileReference; lastKnownFileType = folder; path = www; sourceTree = SOURCE_ROOT; };
		302D95EE14D2391D003F00A1 /* MainViewController.h */ = {isa = PBXFileReference; fileEncoding = 4; lastKnownFileType = sourcecode.c.h; path = MainViewController.h; sourceTree = "<group>"; };
		302D95EF14D2391D003F00A1 /* MainViewController.m */ = {isa = PBXFileReference; fileEncoding = 4; lastKnownFileType = sourcecode.c.objc; path = MainViewController.m; sourceTree = "<group>"; };
		302D95F014D2391D003F00A1 /* MainViewController.xib */ = {isa = PBXFileReference; fileEncoding = 4; lastKnownFileType = file.xib; path = MainViewController.xib; sourceTree = "<group>"; };
		3047A50F1AB8059700498E2A /* build-debug.xcconfig */ = {isa = PBXFileReference; fileEncoding = 4; lastKnownFileType = text.xcconfig; name = "build-debug.xcconfig"; path = cordova/build-debug.xcconfig; sourceTree = SOURCE_ROOT; };
		3047A5101AB8059700498E2A /* build-release.xcconfig */ = {isa = PBXFileReference; fileEncoding = 4; lastKnownFileType = text.xcconfig; name = "build-release.xcconfig"; path = cordova/build-release.xcconfig; sourceTree = SOURCE_ROOT; };
		3047A5111AB8059700498E2A /* build.xcconfig */ = {isa = PBXFileReference; fileEncoding = 4; lastKnownFileType = text.xcconfig; name = build.xcconfig; path = cordova/build.xcconfig; sourceTree = SOURCE_ROOT; };
		32CA4F630368D1EE00C91783 /* Somali Food-Prefix.pch */ = {isa = PBXFileReference; fileEncoding = 4; lastKnownFileType = sourcecode.c.h; path = "Somali Food-Prefix.pch"; sourceTree = "<group>"; };
		8D1107310486CEB800E47090 /* Somali Food-Info.plist */ = {isa = PBXFileReference; fileEncoding = 4; lastKnownFileType = text.plist.xml; name = "Somali Food-Info.plist"; path = "Somali Food/Somali Food-Info.plist"; plistStructureDefinitionIdentifier = "com.apple.xcode.plist.structure-definition.iphone.info-plist"; sourceTree = SOURCE_ROOT; };
		EB87FDF31871DA8E0020F90C /* www */ = {isa = PBXFileReference; lastKnownFileType = folder; name = www; path = ../../www; sourceTree = "<group>"; };
		EB87FDF41871DAF40020F90C /* config.xml */ = {isa = PBXFileReference; lastKnownFileType = text.xml; name = config.xml; path = ../../config.xml; sourceTree = "<group>"; };
		F840E1F0165FE0F500CFE078 /* config.xml */ = {isa = PBXFileReference; lastKnownFileType = text.xml; name = config.xml; path = "Somali Food/config.xml"; sourceTree = "<group>"; };
		ED33DF2A687741AEAF9F8254 /* Bridging-Header.h */ = {isa = PBXFileReference; fileEncoding = 4; lastKnownFileType = sourcecode.c.h; name = "Bridging-Header.h"; path = "Bridging-Header.h"; sourceTree = "<group>"; };
		C0E532B32BB94DF08B9178A1 /* CDVLogger.m */ = {isa = PBXFileReference; name = "CDVLogger.m"; path = "cordova-plugin-console/CDVLogger.m"; sourceTree = "<group>"; fileEncoding = 4; lastKnownFileType = sourcecode.c.objc; explicitFileType = undefined; includeInIndex = 0; };
		F03D5E57F4F242C199A30E68 /* CDVLogger.h */ = {isa = PBXFileReference; name = "CDVLogger.h"; path = "cordova-plugin-console/CDVLogger.h"; sourceTree = "<group>"; fileEncoding = 4; lastKnownFileType = sourcecode.c.h; explicitFileType = undefined; includeInIndex = 0; };
		9A7C803BAA634C4FBD731F06 /* CDVDevice.m */ = {isa = PBXFileReference; name = "CDVDevice.m"; path = "cordova-plugin-device/CDVDevice.m"; sourceTree = "<group>"; fileEncoding = 4; lastKnownFileType = sourcecode.c.objc; explicitFileType = undefined; includeInIndex = 0; };
		3EEC395A7AAE4E96BE50EC50 /* CDVDevice.h */ = {isa = PBXFileReference; name = "CDVDevice.h"; path = "cordova-plugin-device/CDVDevice.h"; sourceTree = "<group>"; fileEncoding = 4; lastKnownFileType = sourcecode.c.h; explicitFileType = undefined; includeInIndex = 0; };
		611CEDBA9A8D4C91935F0974 /* FacebookConnectPlugin.m */ = {isa = PBXFileReference; name = "FacebookConnectPlugin.m"; path = "cordova-plugin-facebook4/FacebookConnectPlugin.m"; sourceTree = "<group>"; fileEncoding = 4; lastKnownFileType = sourcecode.c.objc; explicitFileType = undefined; includeInIndex = 0; };
		12A6684914314328A1885A08 /* FacebookConnectPlugin.h */ = {isa = PBXFileReference; name = "FacebookConnectPlugin.h"; path = "cordova-plugin-facebook4/FacebookConnectPlugin.h"; sourceTree = "<group>"; fileEncoding = 4; lastKnownFileType = sourcecode.c.h; explicitFileType = undefined; includeInIndex = 0; };
		88065982A0D6466C9135FCD6 /* Bolts.framework */ = {isa = PBXFileReference; name = "Bolts.framework"; path = "Somali Food/Plugins/cordova-plugin-facebook4/Bolts.framework"; sourceTree = "<group>"; fileEncoding = undefined; lastKnownFileType = wrapper.framework; explicitFileType = undefined; includeInIndex = 0; };
		89311C3CB2EB4805A277D483 /* FBSDKCoreKit.framework */ = {isa = PBXFileReference; name = "FBSDKCoreKit.framework"; path = "Somali Food/Plugins/cordova-plugin-facebook4/FBSDKCoreKit.framework"; sourceTree = "<group>"; fileEncoding = undefined; lastKnownFileType = wrapper.framework; explicitFileType = undefined; includeInIndex = 0; };
		25E41B02B7B44F5D97706592 /* FBSDKLoginKit.framework */ = {isa = PBXFileReference; name = "FBSDKLoginKit.framework"; path = "Somali Food/Plugins/cordova-plugin-facebook4/FBSDKLoginKit.framework"; sourceTree = "<group>"; fileEncoding = undefined; lastKnownFileType = wrapper.framework; explicitFileType = undefined; includeInIndex = 0; };
		BAB3F610484849ECA7E4C2CE /* FBSDKShareKit.framework */ = {isa = PBXFileReference; name = "FBSDKShareKit.framework"; path = "Somali Food/Plugins/cordova-plugin-facebook4/FBSDKShareKit.framework"; sourceTree = "<group>"; fileEncoding = undefined; lastKnownFileType = wrapper.framework; explicitFileType = undefined; includeInIndex = 0; };
		8E7EBE0E2EFA45E1BFFD0B8F /* CDVInAppBrowser.m */ = {isa = PBXFileReference; name = "CDVInAppBrowser.m"; path = "cordova-plugin-inappbrowser/CDVInAppBrowser.m"; sourceTree = "<group>"; fileEncoding = 4; lastKnownFileType = sourcecode.c.objc; explicitFileType = undefined; includeInIndex = 0; };
		AC8A43290B9540E9BA4660BE /* CDVInAppBrowser.h */ = {isa = PBXFileReference; name = "CDVInAppBrowser.h"; path = "cordova-plugin-inappbrowser/CDVInAppBrowser.h"; sourceTree = "<group>"; fileEncoding = 4; lastKnownFileType = sourcecode.c.h; explicitFileType = undefined; includeInIndex = 0; };
		C128C6797A994194B0E68ACF /* CDVSplashScreen.m */ = {isa = PBXFileReference; name = "CDVSplashScreen.m"; path = "cordova-plugin-splashscreen/CDVSplashScreen.m"; sourceTree = "<group>"; fileEncoding = 4; lastKnownFileType = sourcecode.c.objc; explicitFileType = undefined; includeInIndex = 0; };
		2B4A5E9C44D34AB8A033E23C /* CDVViewController+SplashScreen.m */ = {isa = PBXFileReference; name = "CDVViewController+SplashScreen.m"; path = "cordova-plugin-splashscreen/CDVViewController+SplashScreen.m"; sourceTree = "<group>"; fileEncoding = 4; lastKnownFileType = sourcecode.c.objc; explicitFileType = undefined; includeInIndex = 0; };
		36C34AC85D574D7A989B8A41 /* CDVSplashScreen.h */ = {isa = PBXFileReference; name = "CDVSplashScreen.h"; path = "cordova-plugin-splashscreen/CDVSplashScreen.h"; sourceTree = "<group>"; fileEncoding = 4; lastKnownFileType = sourcecode.c.h; explicitFileType = undefined; includeInIndex = 0; };
		E53E65D7505B4E1DA8477298 /* CDVViewController+SplashScreen.h */ = {isa = PBXFileReference; name = "CDVViewController+SplashScreen.h"; path = "cordova-plugin-splashscreen/CDVViewController+SplashScreen.h"; sourceTree = "<group>"; fileEncoding = 4; lastKnownFileType = sourcecode.c.h; explicitFileType = undefined; includeInIndex = 0; };
		84C6F6A5DE724931B3767F20 /* CDVStatusBar.m */ = {isa = PBXFileReference; name = "CDVStatusBar.m"; path = "cordova-plugin-statusbar/CDVStatusBar.m"; sourceTree = "<group>"; fileEncoding = 4; lastKnownFileType = sourcecode.c.objc; explicitFileType = undefined; includeInIndex = 0; };
		7F6FA94122124E5CA055529A /* CDVStatusBar.h */ = {isa = PBXFileReference; name = "CDVStatusBar.h"; path = "cordova-plugin-statusbar/CDVStatusBar.h"; sourceTree = "<group>"; fileEncoding = 4; lastKnownFileType = sourcecode.c.h; explicitFileType = undefined; includeInIndex = 0; };
		F79FA5C3CDFB42F7931F0B17 /* IonicConstant.m */ = {isa = PBXFileReference; name = "IonicConstant.m"; path = "ionic-plugin-deploy/IonicConstant.m"; sourceTree = "<group>"; fileEncoding = 4; lastKnownFileType = sourcecode.c.objc; explicitFileType = undefined; includeInIndex = 0; };
		6918F86202F24027A99E24F4 /* IonicDeploy.m */ = {isa = PBXFileReference; name = "IonicDeploy.m"; path = "ionic-plugin-deploy/IonicDeploy.m"; sourceTree = "<group>"; fileEncoding = 4; lastKnownFileType = sourcecode.c.objc; explicitFileType = undefined; includeInIndex = 0; };
		DBE36CD6DF4549F6997FE1AC /* Download.m */ = {isa = PBXFileReference; name = "Download.m"; path = "ionic-plugin-deploy/Download.m"; sourceTree = "<group>"; fileEncoding = 4; lastKnownFileType = sourcecode.c.objc; explicitFileType = undefined; includeInIndex = 0; };
		7BCEEAFAA81349D39BD9A544 /* DownloadManager.m */ = {isa = PBXFileReference; name = "DownloadManager.m"; path = "ionic-plugin-deploy/DownloadManager.m"; sourceTree = "<group>"; fileEncoding = 4; lastKnownFileType = sourcecode.c.objc; explicitFileType = undefined; includeInIndex = 0; };
		394DF60E42BC4EA4BC90BA49 /* SSZipArchive.m */ = {isa = PBXFileReference; name = "SSZipArchive.m"; path = "ionic-plugin-deploy/SSZipArchive.m"; sourceTree = "<group>"; fileEncoding = 4; lastKnownFileType = sourcecode.c.objc; explicitFileType = undefined; includeInIndex = 0; };
		5B2C44E359AC452AAED74F68 /* ioapi.c */ = {isa = PBXFileReference; name = "ioapi.c"; path = "ionic-plugin-deploy/ioapi.c"; sourceTree = "<group>"; fileEncoding = undefined; lastKnownFileType = unknown; explicitFileType = undefined; includeInIndex = 0; };
		D7B436E8DB0F4356BE143201 /* unzip.c */ = {isa = PBXFileReference; name = "unzip.c"; path = "ionic-plugin-deploy/unzip.c"; sourceTree = "<group>"; fileEncoding = undefined; lastKnownFileType = unknown; explicitFileType = undefined; includeInIndex = 0; };
		4D53F7EE719246F2BFC78309 /* zip.c */ = {isa = PBXFileReference; name = "zip.c"; path = "ionic-plugin-deploy/zip.c"; sourceTree = "<group>"; fileEncoding = undefined; lastKnownFileType = unknown; explicitFileType = undefined; includeInIndex = 0; };
		3DF904DFD04C418F9141CC57 /* adler32.c */ = {isa = PBXFileReference; name = "adler32.c"; path = "ionic-plugin-deploy/adler32.c"; sourceTree = "<group>"; fileEncoding = undefined; lastKnownFileType = unknown; explicitFileType = undefined; includeInIndex = 0; };
		DA14BFF0C0B44D9EA9675AF3 /* compress.c */ = {isa = PBXFileReference; name = "compress.c"; path = "ionic-plugin-deploy/compress.c"; sourceTree = "<group>"; fileEncoding = undefined; lastKnownFileType = unknown; explicitFileType = undefined; includeInIndex = 0; };
		C6780BA4B1A54612A24F66B8 /* crc32.c */ = {isa = PBXFileReference; name = "crc32.c"; path = "ionic-plugin-deploy/crc32.c"; sourceTree = "<group>"; fileEncoding = undefined; lastKnownFileType = unknown; explicitFileType = undefined; includeInIndex = 0; };
		35B7243E1D5E4AF99BF8A2D1 /* deflate.c */ = {isa = PBXFileReference; name = "deflate.c"; path = "ionic-plugin-deploy/deflate.c"; sourceTree = "<group>"; fileEncoding = undefined; lastKnownFileType = unknown; explicitFileType = undefined; includeInIndex = 0; };
		5BB512A9FCCF4E95A3B7F8A9 /* gzclose.c */ = {isa = PBXFileReference; name = "gzclose.c"; path = "ionic-plugin-deploy/gzclose.c"; sourceTree = "<group>"; fileEncoding = undefined; lastKnownFileType = unknown; explicitFileType = undefined; includeInIndex = 0; };
		23C0799C0CCB44FAA94C0046 /* gzlib.c */ = {isa = PBXFileReference; name = "gzlib.c"; path = "ionic-plugin-deploy/gzlib.c"; sourceTree = "<group>"; fileEncoding = undefined; lastKnownFileType = unknown; explicitFileType = undefined; includeInIndex = 0; };
		121B30AD009149FC91E74961 /* gzread.c */ = {isa = PBXFileReference; name = "gzread.c"; path = "ionic-plugin-deploy/gzread.c"; sourceTree = "<group>"; fileEncoding = undefined; lastKnownFileType = unknown; explicitFileType = undefined; includeInIndex = 0; };
		6F9E865A85724A2FBE2A620A /* gzwrite.c */ = {isa = PBXFileReference; name = "gzwrite.c"; path = "ionic-plugin-deploy/gzwrite.c"; sourceTree = "<group>"; fileEncoding = undefined; lastKnownFileType = unknown; explicitFileType = undefined; includeInIndex = 0; };
		7AA811102E0B402EB24A1864 /* infback.c */ = {isa = PBXFileReference; name = "infback.c"; path = "ionic-plugin-deploy/infback.c"; sourceTree = "<group>"; fileEncoding = undefined; lastKnownFileType = unknown; explicitFileType = undefined; includeInIndex = 0; };
		F0A729E56E8C434E9EEE652B /* inffast.c */ = {isa = PBXFileReference; name = "inffast.c"; path = "ionic-plugin-deploy/inffast.c"; sourceTree = "<group>"; fileEncoding = undefined; lastKnownFileType = unknown; explicitFileType = undefined; includeInIndex = 0; };
		FEE4440149D04288965F5479 /* inflate.c */ = {isa = PBXFileReference; name = "inflate.c"; path = "ionic-plugin-deploy/inflate.c"; sourceTree = "<group>"; fileEncoding = undefined; lastKnownFileType = unknown; explicitFileType = undefined; includeInIndex = 0; };
		02D48D2F16754364B4DFAA87 /* inftrees.c */ = {isa = PBXFileReference; name = "inftrees.c"; path = "ionic-plugin-deploy/inftrees.c"; sourceTree = "<group>"; fileEncoding = undefined; lastKnownFileType = unknown; explicitFileType = undefined; includeInIndex = 0; };
		63BD34C387834461B39A06D4 /* trees.c */ = {isa = PBXFileReference; name = "trees.c"; path = "ionic-plugin-deploy/trees.c"; sourceTree = "<group>"; fileEncoding = undefined; lastKnownFileType = unknown; explicitFileType = undefined; includeInIndex = 0; };
		5C6491D0AC8048F9B97F2494 /* uncompr.c */ = {isa = PBXFileReference; name = "uncompr.c"; path = "ionic-plugin-deploy/uncompr.c"; sourceTree = "<group>"; fileEncoding = undefined; lastKnownFileType = unknown; explicitFileType = undefined; includeInIndex = 0; };
		25A246067E744A70A1366463 /* zutil.c */ = {isa = PBXFileReference; name = "zutil.c"; path = "ionic-plugin-deploy/zutil.c"; sourceTree = "<group>"; fileEncoding = undefined; lastKnownFileType = unknown; explicitFileType = undefined; includeInIndex = 0; };
		8EAB42A37D1B466E950C29A7 /* Base64.m */ = {isa = PBXFileReference; name = "Base64.m"; path = "ionic-plugin-deploy/Base64.m"; sourceTree = "<group>"; fileEncoding = 4; lastKnownFileType = sourcecode.c.objc; explicitFileType = undefined; includeInIndex = 0; };
		78A9F8A8F6644A0C9589F38C /* UNIHTTPClientHelper.m */ = {isa = PBXFileReference; name = "UNIHTTPClientHelper.m"; path = "ionic-plugin-deploy/UNIHTTPClientHelper.m"; sourceTree = "<group>"; fileEncoding = 4; lastKnownFileType = sourcecode.c.objc; explicitFileType = undefined; includeInIndex = 0; };
		8EB50521BB2B40FF853B7E99 /* UNIHTTPRequest.m */ = {isa = PBXFileReference; name = "UNIHTTPRequest.m"; path = "ionic-plugin-deploy/UNIHTTPRequest.m"; sourceTree = "<group>"; fileEncoding = 4; lastKnownFileType = sourcecode.c.objc; explicitFileType = undefined; includeInIndex = 0; };
		2E741205CBA545688ABDAD56 /* UNIHTTPRequestWithBody.m */ = {isa = PBXFileReference; name = "UNIHTTPRequestWithBody.m"; path = "ionic-plugin-deploy/UNIHTTPRequestWithBody.m"; sourceTree = "<group>"; fileEncoding = 4; lastKnownFileType = sourcecode.c.objc; explicitFileType = undefined; includeInIndex = 0; };
		3B0BEA04195E4F1794A21255 /* UNIRest.m */ = {isa = PBXFileReference; name = "UNIRest.m"; path = "ionic-plugin-deploy/UNIRest.m"; sourceTree = "<group>"; fileEncoding = 4; lastKnownFileType = sourcecode.c.objc; explicitFileType = undefined; includeInIndex = 0; };
		9B5FF846BF7444DDBC0E5973 /* UNIUrlConnection.m */ = {isa = PBXFileReference; name = "UNIUrlConnection.m"; path = "ionic-plugin-deploy/UNIUrlConnection.m"; sourceTree = "<group>"; fileEncoding = 4; lastKnownFileType = sourcecode.c.objc; explicitFileType = undefined; includeInIndex = 0; };
		9B2F2163706947CB9C80F927 /* UNIBaseRequest.m */ = {isa = PBXFileReference; name = "UNIBaseRequest.m"; path = "ionic-plugin-deploy/UNIBaseRequest.m"; sourceTree = "<group>"; fileEncoding = 4; lastKnownFileType = sourcecode.c.objc; explicitFileType = undefined; includeInIndex = 0; };
		C219D7149FBC4B1B95071AC7 /* UNIBodyRequest.m */ = {isa = PBXFileReference; name = "UNIBodyRequest.m"; path = "ionic-plugin-deploy/UNIBodyRequest.m"; sourceTree = "<group>"; fileEncoding = 4; lastKnownFileType = sourcecode.c.objc; explicitFileType = undefined; includeInIndex = 0; };
		6421EFA0667940C0A7D3B72B /* UNISimpleRequest.m */ = {isa = PBXFileReference; name = "UNISimpleRequest.m"; path = "ionic-plugin-deploy/UNISimpleRequest.m"; sourceTree = "<group>"; fileEncoding = 4; lastKnownFileType = sourcecode.c.objc; explicitFileType = undefined; includeInIndex = 0; };
		CD8A4BB751A043A9A66FC933 /* UNIHTTPBinaryResponse.m */ = {isa = PBXFileReference; name = "UNIHTTPBinaryResponse.m"; path = "ionic-plugin-deploy/UNIHTTPBinaryResponse.m"; sourceTree = "<group>"; fileEncoding = 4; lastKnownFileType = sourcecode.c.objc; explicitFileType = undefined; includeInIndex = 0; };
		78BA508FB6D74F78B5E6F57B /* UNIHTTPJsonResponse.m */ = {isa = PBXFileReference; name = "UNIHTTPJsonResponse.m"; path = "ionic-plugin-deploy/UNIHTTPJsonResponse.m"; sourceTree = "<group>"; fileEncoding = 4; lastKnownFileType = sourcecode.c.objc; explicitFileType = undefined; includeInIndex = 0; };
		6669FE59378344A492AF07A5 /* UNIHTTPResponse.m */ = {isa = PBXFileReference; name = "UNIHTTPResponse.m"; path = "ionic-plugin-deploy/UNIHTTPResponse.m"; sourceTree = "<group>"; fileEncoding = 4; lastKnownFileType = sourcecode.c.objc; explicitFileType = undefined; includeInIndex = 0; };
		AADF6D6C6659409DA3AACAAD /* UNIHTTPStringResponse.m */ = {isa = PBXFileReference; name = "UNIHTTPStringResponse.m"; path = "ionic-plugin-deploy/UNIHTTPStringResponse.m"; sourceTree = "<group>"; fileEncoding = 4; lastKnownFileType = sourcecode.c.objc; explicitFileType = undefined; includeInIndex = 0; };
		75AA9C8E8C5B4F70951CB577 /* UNIJsonNode.m */ = {isa = PBXFileReference; name = "UNIJsonNode.m"; path = "ionic-plugin-deploy/UNIJsonNode.m"; sourceTree = "<group>"; fileEncoding = 4; lastKnownFileType = sourcecode.c.objc; explicitFileType = undefined; includeInIndex = 0; };
		6494FE9446664EA0B77A1167 /* IonicConstant.h */ = {isa = PBXFileReference; name = "IonicConstant.h"; path = "ionic-plugin-deploy/IonicConstant.h"; sourceTree = "<group>"; fileEncoding = 4; lastKnownFileType = sourcecode.c.h; explicitFileType = undefined; includeInIndex = 0; };
		E1E77CAD8AE6443999B74678 /* IonicDeploy.h */ = {isa = PBXFileReference; name = "IonicDeploy.h"; path = "ionic-plugin-deploy/IonicDeploy.h"; sourceTree = "<group>"; fileEncoding = 4; lastKnownFileType = sourcecode.c.h; explicitFileType = undefined; includeInIndex = 0; };
		24A1C8D225D443929BAF4598 /* Download.h */ = {isa = PBXFileReference; name = "Download.h"; path = "ionic-plugin-deploy/Download.h"; sourceTree = "<group>"; fileEncoding = 4; lastKnownFileType = sourcecode.c.h; explicitFileType = undefined; includeInIndex = 0; };
		B21D93AF66A64B3290B7C581 /* DownloadManager.h */ = {isa = PBXFileReference; name = "DownloadManager.h"; path = "ionic-plugin-deploy/DownloadManager.h"; sourceTree = "<group>"; fileEncoding = 4; lastKnownFileType = sourcecode.c.h; explicitFileType = undefined; includeInIndex = 0; };
		F3D37050441B4859B329C27F /* SSZipArchive.h */ = {isa = PBXFileReference; name = "SSZipArchive.h"; path = "ionic-plugin-deploy/SSZipArchive.h"; sourceTree = "<group>"; fileEncoding = 4; lastKnownFileType = sourcecode.c.h; explicitFileType = undefined; includeInIndex = 0; };
		EE32884AEFBD470F86196818 /* ARCHelper.h */ = {isa = PBXFileReference; name = "ARCHelper.h"; path = "ionic-plugin-deploy/ARCHelper.h"; sourceTree = "<group>"; fileEncoding = 4; lastKnownFileType = sourcecode.c.h; explicitFileType = undefined; includeInIndex = 0; };
		16F48A529CE34721B2C346AE /* crypt.h */ = {isa = PBXFileReference; name = "crypt.h"; path = "ionic-plugin-deploy/crypt.h"; sourceTree = "<group>"; fileEncoding = 4; lastKnownFileType = sourcecode.c.h; explicitFileType = undefined; includeInIndex = 0; };
		A20C7EA864EB401D84893E56 /* ioapi.h */ = {isa = PBXFileReference; name = "ioapi.h"; path = "ionic-plugin-deploy/ioapi.h"; sourceTree = "<group>"; fileEncoding = 4; lastKnownFileType = sourcecode.c.h; explicitFileType = undefined; includeInIndex = 0; };
		21B92131A0EC4A8197D5EB41 /* unzip.h */ = {isa = PBXFileReference; name = "unzip.h"; path = "ionic-plugin-deploy/unzip.h"; sourceTree = "<group>"; fileEncoding = 4; lastKnownFileType = sourcecode.c.h; explicitFileType = undefined; includeInIndex = 0; };
		71117CEAC35940D5BCB3CF8C /* zip.h */ = {isa = PBXFileReference; name = "zip.h"; path = "ionic-plugin-deploy/zip.h"; sourceTree = "<group>"; fileEncoding = 4; lastKnownFileType = sourcecode.c.h; explicitFileType = undefined; includeInIndex = 0; };
		CD0F1BA46B8E4A609AD233F6 /* crc32.h */ = {isa = PBXFileReference; name = "crc32.h"; path = "ionic-plugin-deploy/crc32.h"; sourceTree = "<group>"; fileEncoding = 4; lastKnownFileType = sourcecode.c.h; explicitFileType = undefined; includeInIndex = 0; };
		1C94064B74FE4A83A1F87310 /* deflate.h */ = {isa = PBXFileReference; name = "deflate.h"; path = "ionic-plugin-deploy/deflate.h"; sourceTree = "<group>"; fileEncoding = 4; lastKnownFileType = sourcecode.c.h; explicitFileType = undefined; includeInIndex = 0; };
		7E0BB50E45D0457ABCA15F00 /* gzguts.h */ = {isa = PBXFileReference; name = "gzguts.h"; path = "ionic-plugin-deploy/gzguts.h"; sourceTree = "<group>"; fileEncoding = 4; lastKnownFileType = sourcecode.c.h; explicitFileType = undefined; includeInIndex = 0; };
		3ACD3EE3ECDD42F58AB3D0D6 /* inffast.h */ = {isa = PBXFileReference; name = "inffast.h"; path = "ionic-plugin-deploy/inffast.h"; sourceTree = "<group>"; fileEncoding = 4; lastKnownFileType = sourcecode.c.h; explicitFileType = undefined; includeInIndex = 0; };
		8E8D63D52B0446E3A23EED7C /* inffixed.h */ = {isa = PBXFileReference; name = "inffixed.h"; path = "ionic-plugin-deploy/inffixed.h"; sourceTree = "<group>"; fileEncoding = 4; lastKnownFileType = sourcecode.c.h; explicitFileType = undefined; includeInIndex = 0; };
		B186533F65DE4689B9F0E7A2 /* inflate.h */ = {isa = PBXFileReference; name = "inflate.h"; path = "ionic-plugin-deploy/inflate.h"; sourceTree = "<group>"; fileEncoding = 4; lastKnownFileType = sourcecode.c.h; explicitFileType = undefined; includeInIndex = 0; };
		D376168E1A894D45AA215623 /* inftrees.h */ = {isa = PBXFileReference; name = "inftrees.h"; path = "ionic-plugin-deploy/inftrees.h"; sourceTree = "<group>"; fileEncoding = 4; lastKnownFileType = sourcecode.c.h; explicitFileType = undefined; includeInIndex = 0; };
		D8314206795D4276B6C70A11 /* trees.h */ = {isa = PBXFileReference; name = "trees.h"; path = "ionic-plugin-deploy/trees.h"; sourceTree = "<group>"; fileEncoding = 4; lastKnownFileType = sourcecode.c.h; explicitFileType = undefined; includeInIndex = 0; };
		4784B4E82E93482990D962FC /* zconf.h */ = {isa = PBXFileReference; name = "zconf.h"; path = "ionic-plugin-deploy/zconf.h"; sourceTree = "<group>"; fileEncoding = 4; lastKnownFileType = sourcecode.c.h; explicitFileType = undefined; includeInIndex = 0; };
		FEF993CF5C92476C8062604E /* zlib.h */ = {isa = PBXFileReference; name = "zlib.h"; path = "ionic-plugin-deploy/zlib.h"; sourceTree = "<group>"; fileEncoding = 4; lastKnownFileType = sourcecode.c.h; explicitFileType = undefined; includeInIndex = 0; };
		EE7CC82466A04DEF8563C4AF /* zutil.h */ = {isa = PBXFileReference; name = "zutil.h"; path = "ionic-plugin-deploy/zutil.h"; sourceTree = "<group>"; fileEncoding = 4; lastKnownFileType = sourcecode.c.h; explicitFileType = undefined; includeInIndex = 0; };
		F24B5B548EA64003858E8EC1 /* Base64.h */ = {isa = PBXFileReference; name = "Base64.h"; path = "ionic-plugin-deploy/Base64.h"; sourceTree = "<group>"; fileEncoding = 4; lastKnownFileType = sourcecode.c.h; explicitFileType = undefined; includeInIndex = 0; };
		EEB91282524C46E7960084A0 /* UNIHTTPClientHelper.h */ = {isa = PBXFileReference; name = "UNIHTTPClientHelper.h"; path = "ionic-plugin-deploy/UNIHTTPClientHelper.h"; sourceTree = "<group>"; fileEncoding = 4; lastKnownFileType = sourcecode.c.h; explicitFileType = undefined; includeInIndex = 0; };
		46525659ABC24A9F93C9657E /* UNIHTTPRequest.h */ = {isa = PBXFileReference; name = "UNIHTTPRequest.h"; path = "ionic-plugin-deploy/UNIHTTPRequest.h"; sourceTree = "<group>"; fileEncoding = 4; lastKnownFileType = sourcecode.c.h; explicitFileType = undefined; includeInIndex = 0; };
		A7334F3A58CB42E290165287 /* UNIHTTPRequestWithBody.h */ = {isa = PBXFileReference; name = "UNIHTTPRequestWithBody.h"; path = "ionic-plugin-deploy/UNIHTTPRequestWithBody.h"; sourceTree = "<group>"; fileEncoding = 4; lastKnownFileType = sourcecode.c.h; explicitFileType = undefined; includeInIndex = 0; };
		936B4F22CEFD437FBDC88B68 /* Unirest-Prefix.pch */ = {isa = PBXFileReference; name = "Unirest-Prefix.pch"; path = "ionic-plugin-deploy/Unirest-Prefix.pch"; sourceTree = "<group>"; fileEncoding = 4; lastKnownFileType = sourcecode.c.h; explicitFileType = undefined; includeInIndex = 0; };
		3642410372F14A7B9A88F6A3 /* UNIRest.h */ = {isa = PBXFileReference; name = "UNIRest.h"; path = "ionic-plugin-deploy/UNIRest.h"; sourceTree = "<group>"; fileEncoding = 4; lastKnownFileType = sourcecode.c.h; explicitFileType = undefined; includeInIndex = 0; };
		BC6A01AC03FE40629A3EE0C3 /* UNIUrlConnection.h */ = {isa = PBXFileReference; name = "UNIUrlConnection.h"; path = "ionic-plugin-deploy/UNIUrlConnection.h"; sourceTree = "<group>"; fileEncoding = 4; lastKnownFileType = sourcecode.c.h; explicitFileType = undefined; includeInIndex = 0; };
		CA2FD47044EF48A3B97620E1 /* UNIBaseRequest.h */ = {isa = PBXFileReference; name = "UNIBaseRequest.h"; path = "ionic-plugin-deploy/UNIBaseRequest.h"; sourceTree = "<group>"; fileEncoding = 4; lastKnownFileType = sourcecode.c.h; explicitFileType = undefined; includeInIndex = 0; };
		7C3C493AC4494199B7AB79AC /* UNIBodyRequest.h */ = {isa = PBXFileReference; name = "UNIBodyRequest.h"; path = "ionic-plugin-deploy/UNIBodyRequest.h"; sourceTree = "<group>"; fileEncoding = 4; lastKnownFileType = sourcecode.c.h; explicitFileType = undefined; includeInIndex = 0; };
		0DABF8824E57464D82A50987 /* UNISimpleRequest.h */ = {isa = PBXFileReference; name = "UNISimpleRequest.h"; path = "ionic-plugin-deploy/UNISimpleRequest.h"; sourceTree = "<group>"; fileEncoding = 4; lastKnownFileType = sourcecode.c.h; explicitFileType = undefined; includeInIndex = 0; };
		79C965A035644818ADC16707 /* UNIHTTPBinaryResponse.h */ = {isa = PBXFileReference; name = "UNIHTTPBinaryResponse.h"; path = "ionic-plugin-deploy/UNIHTTPBinaryResponse.h"; sourceTree = "<group>"; fileEncoding = 4; lastKnownFileType = sourcecode.c.h; explicitFileType = undefined; includeInIndex = 0; };
		3EC25CD6199B4FAFB3CBD717 /* UNIHTTPJsonResponse.h */ = {isa = PBXFileReference; name = "UNIHTTPJsonResponse.h"; path = "ionic-plugin-deploy/UNIHTTPJsonResponse.h"; sourceTree = "<group>"; fileEncoding = 4; lastKnownFileType = sourcecode.c.h; explicitFileType = undefined; includeInIndex = 0; };
		9F9F7B5C180342058027C532 /* UNIHTTPResponse.h */ = {isa = PBXFileReference; name = "UNIHTTPResponse.h"; path = "ionic-plugin-deploy/UNIHTTPResponse.h"; sourceTree = "<group>"; fileEncoding = 4; lastKnownFileType = sourcecode.c.h; explicitFileType = undefined; includeInIndex = 0; };
		2D72EEAF91F546A69E50E3DA /* UNIHTTPStringResponse.h */ = {isa = PBXFileReference; name = "UNIHTTPStringResponse.h"; path = "ionic-plugin-deploy/UNIHTTPStringResponse.h"; sourceTree = "<group>"; fileEncoding = 4; lastKnownFileType = sourcecode.c.h; explicitFileType = undefined; includeInIndex = 0; };
		04277071AA7F4ED2994C8344 /* UNIJsonNode.h */ = {isa = PBXFileReference; name = "UNIJsonNode.h"; path = "ionic-plugin-deploy/UNIJsonNode.h"; sourceTree = "<group>"; fileEncoding = 4; lastKnownFileType = sourcecode.c.h; explicitFileType = undefined; includeInIndex = 0; };
		99FFBB7508B34923B3E73544 /* IonicKeyboard.m */ = {isa = PBXFileReference; name = "IonicKeyboard.m"; path = "ionic-plugin-keyboard/IonicKeyboard.m"; sourceTree = "<group>"; fileEncoding = 4; lastKnownFileType = sourcecode.c.objc; explicitFileType = undefined; includeInIndex = 0; };
		49CD3C5FE61744E5A4AEAF2D /* UIWebViewExtension.m */ = {isa = PBXFileReference; name = "UIWebViewExtension.m"; path = "ionic-plugin-keyboard/UIWebViewExtension.m"; sourceTree = "<group>"; fileEncoding = 4; lastKnownFileType = sourcecode.c.objc; explicitFileType = undefined; includeInIndex = 0; };
		C7056551B3CC4D289C4EFD05 /* IonicKeyboard.h */ = {isa = PBXFileReference; name = "IonicKeyboard.h"; path = "ionic-plugin-keyboard/IonicKeyboard.h"; sourceTree = "<group>"; fileEncoding = 4; lastKnownFileType = sourcecode.c.h; explicitFileType = undefined; includeInIndex = 0; };
		5D07230132B5430AAE94AA2B /* UIWebViewExtension.h */ = {isa = PBXFileReference; name = "UIWebViewExtension.h"; path = "ionic-plugin-keyboard/UIWebViewExtension.h"; sourceTree = "<group>"; fileEncoding = 4; lastKnownFileType = sourcecode.c.h; explicitFileType = undefined; includeInIndex = 0; };
/* End PBXFileReference section */

/* Begin PBXFrameworksBuildPhase section */
		1D60588F0D05DD3D006BFB54 /* Frameworks */ = {
			isa = PBXFrameworksBuildPhase;
			buildActionMask = 2147483647;
			files = (
				301BF552109A68D80062928A /* libCordova.a in Frameworks */,
				0B326C8886844D28AC5119ED /* Bolts.framework in Frameworks */,
				37E9BE8F0305466097584327 /* FBSDKCoreKit.framework in Frameworks */,
				39E9BB207C3D48609A2CF8B0 /* FBSDKLoginKit.framework in Frameworks */,
				82670E238EDD431EA6147530 /* FBSDKShareKit.framework in Frameworks */,
			);
			runOnlyForDeploymentPostprocessing = 0;
		};
/* End PBXFrameworksBuildPhase section */

/* Begin PBXGroup section */
		080E96DDFE201D6D7F000001 /* Classes */ = {
			isa = PBXGroup;
			children = (
				302D95EE14D2391D003F00A1 /* MainViewController.h */,
				302D95EF14D2391D003F00A1 /* MainViewController.m */,
				302D95F014D2391D003F00A1 /* MainViewController.xib */,
				1D3623240D0F684500981E51 /* AppDelegate.h */,
				1D3623250D0F684500981E51 /* AppDelegate.m */,
			);
			name = Classes;
			path = "Somali Food/Classes";
			sourceTree = SOURCE_ROOT;
		};
		19C28FACFE9D520D11CA2CBB /* Products */ = {
			isa = PBXGroup;
			children = (
				1D6058910D05DD3D006BFB54 /* Somali Food.app */,
			);
			name = Products;
			sourceTree = "<group>";
		};
		29B97314FDCFA39411CA2CEA /* CustomTemplate */ = {
			isa = PBXGroup;
			children = (
				EB87FDF41871DAF40020F90C /* config.xml */,
				EB87FDF31871DA8E0020F90C /* www */,
				EB87FDF11871DA420020F90C /* Staging */,
				301BF52D109A57CC0062928A /* CordovaLib.xcodeproj */,
				080E96DDFE201D6D7F000001 /* Classes */,
				307C750510C5A3420062BCA9 /* Plugins */,
				29B97315FDCFA39411CA2CEA /* Other Sources */,
				29B97317FDCFA39411CA2CEA /* Resources */,
				29B97323FDCFA39411CA2CEA /* Frameworks */,
				19C28FACFE9D520D11CA2CBB /* Products */,
			);
			name = CustomTemplate;
			sourceTree = "<group>";
		};
		29B97315FDCFA39411CA2CEA /* Other Sources */ = {
			isa = PBXGroup;
			children = (
				32CA4F630368D1EE00C91783 /* Somali Food-Prefix.pch */,
				29B97316FDCFA39411CA2CEA /* main.m */,
				ED33DF2A687741AEAF9F8254 /* Bridging-Header.h */,
			);
			name = "Other Sources";
			path = "Somali Food";
			sourceTree = "<group>";
		};
		29B97317FDCFA39411CA2CEA /* Resources */ = {
			isa = PBXGroup;
			children = (
				0207DA571B56EA530066E2B4 /* Images.xcassets */,
				3047A50E1AB8057F00498E2A /* config */,
				8D1107310486CEB800E47090 /* Somali Food-Info.plist */,
			);
			name = Resources;
			path = "Somali Food/Resources";
			sourceTree = "<group>";
		};
		29B97323FDCFA39411CA2CEA /* Frameworks */ = {
			isa = PBXGroup;
			children = (
				88065982A0D6466C9135FCD6 /* Bolts.framework */,
				89311C3CB2EB4805A277D483 /* FBSDKCoreKit.framework */,
				25E41B02B7B44F5D97706592 /* FBSDKLoginKit.framework */,
				BAB3F610484849ECA7E4C2CE /* FBSDKShareKit.framework */,
			);
			name = Frameworks;
			sourceTree = "<group>";
		};
		301BF52E109A57CC0062928A /* Products */ = {
			isa = PBXGroup;
			children = (
				301BF535109A57CC0062928A /* libCordova.a */,
			);
			name = Products;
			sourceTree = "<group>";
		};
		3047A50E1AB8057F00498E2A /* config */ = {
			isa = PBXGroup;
			children = (
				3047A50F1AB8059700498E2A /* build-debug.xcconfig */,
				3047A5101AB8059700498E2A /* build-release.xcconfig */,
				3047A5111AB8059700498E2A /* build.xcconfig */,
			);
			name = config;
			sourceTree = "<group>";
		};
		307C750510C5A3420062BCA9 /* Plugins */ = {
			isa = PBXGroup;
			children = (
				C0E532B32BB94DF08B9178A1 /* CDVLogger.m */,
				F03D5E57F4F242C199A30E68 /* CDVLogger.h */,
				9A7C803BAA634C4FBD731F06 /* CDVDevice.m */,
				3EEC395A7AAE4E96BE50EC50 /* CDVDevice.h */,
				611CEDBA9A8D4C91935F0974 /* FacebookConnectPlugin.m */,
				12A6684914314328A1885A08 /* FacebookConnectPlugin.h */,
				8E7EBE0E2EFA45E1BFFD0B8F /* CDVInAppBrowser.m */,
				AC8A43290B9540E9BA4660BE /* CDVInAppBrowser.h */,
				C128C6797A994194B0E68ACF /* CDVSplashScreen.m */,
				2B4A5E9C44D34AB8A033E23C /* CDVViewController+SplashScreen.m */,
				36C34AC85D574D7A989B8A41 /* CDVSplashScreen.h */,
				E53E65D7505B4E1DA8477298 /* CDVViewController+SplashScreen.h */,
				84C6F6A5DE724931B3767F20 /* CDVStatusBar.m */,
				7F6FA94122124E5CA055529A /* CDVStatusBar.h */,
				F79FA5C3CDFB42F7931F0B17 /* IonicConstant.m */,
				6918F86202F24027A99E24F4 /* IonicDeploy.m */,
				DBE36CD6DF4549F6997FE1AC /* Download.m */,
				7BCEEAFAA81349D39BD9A544 /* DownloadManager.m */,
				394DF60E42BC4EA4BC90BA49 /* SSZipArchive.m */,
				5B2C44E359AC452AAED74F68 /* ioapi.c */,
				D7B436E8DB0F4356BE143201 /* unzip.c */,
				4D53F7EE719246F2BFC78309 /* zip.c */,
				3DF904DFD04C418F9141CC57 /* adler32.c */,
				DA14BFF0C0B44D9EA9675AF3 /* compress.c */,
				C6780BA4B1A54612A24F66B8 /* crc32.c */,
				35B7243E1D5E4AF99BF8A2D1 /* deflate.c */,
				5BB512A9FCCF4E95A3B7F8A9 /* gzclose.c */,
				23C0799C0CCB44FAA94C0046 /* gzlib.c */,
				121B30AD009149FC91E74961 /* gzread.c */,
				6F9E865A85724A2FBE2A620A /* gzwrite.c */,
				7AA811102E0B402EB24A1864 /* infback.c */,
				F0A729E56E8C434E9EEE652B /* inffast.c */,
				FEE4440149D04288965F5479 /* inflate.c */,
				02D48D2F16754364B4DFAA87 /* inftrees.c */,
				63BD34C387834461B39A06D4 /* trees.c */,
				5C6491D0AC8048F9B97F2494 /* uncompr.c */,
				25A246067E744A70A1366463 /* zutil.c */,
				8EAB42A37D1B466E950C29A7 /* Base64.m */,
				78A9F8A8F6644A0C9589F38C /* UNIHTTPClientHelper.m */,
				8EB50521BB2B40FF853B7E99 /* UNIHTTPRequest.m */,
				2E741205CBA545688ABDAD56 /* UNIHTTPRequestWithBody.m */,
				3B0BEA04195E4F1794A21255 /* UNIRest.m */,
				9B5FF846BF7444DDBC0E5973 /* UNIUrlConnection.m */,
				9B2F2163706947CB9C80F927 /* UNIBaseRequest.m */,
				C219D7149FBC4B1B95071AC7 /* UNIBodyRequest.m */,
				6421EFA0667940C0A7D3B72B /* UNISimpleRequest.m */,
				CD8A4BB751A043A9A66FC933 /* UNIHTTPBinaryResponse.m */,
				78BA508FB6D74F78B5E6F57B /* UNIHTTPJsonResponse.m */,
				6669FE59378344A492AF07A5 /* UNIHTTPResponse.m */,
				AADF6D6C6659409DA3AACAAD /* UNIHTTPStringResponse.m */,
				75AA9C8E8C5B4F70951CB577 /* UNIJsonNode.m */,
				6494FE9446664EA0B77A1167 /* IonicConstant.h */,
				E1E77CAD8AE6443999B74678 /* IonicDeploy.h */,
				24A1C8D225D443929BAF4598 /* Download.h */,
				B21D93AF66A64B3290B7C581 /* DownloadManager.h */,
				F3D37050441B4859B329C27F /* SSZipArchive.h */,
				EE32884AEFBD470F86196818 /* ARCHelper.h */,
				16F48A529CE34721B2C346AE /* crypt.h */,
				A20C7EA864EB401D84893E56 /* ioapi.h */,
				21B92131A0EC4A8197D5EB41 /* unzip.h */,
				71117CEAC35940D5BCB3CF8C /* zip.h */,
				CD0F1BA46B8E4A609AD233F6 /* crc32.h */,
				1C94064B74FE4A83A1F87310 /* deflate.h */,
				7E0BB50E45D0457ABCA15F00 /* gzguts.h */,
				3ACD3EE3ECDD42F58AB3D0D6 /* inffast.h */,
				8E8D63D52B0446E3A23EED7C /* inffixed.h */,
				B186533F65DE4689B9F0E7A2 /* inflate.h */,
				D376168E1A894D45AA215623 /* inftrees.h */,
				D8314206795D4276B6C70A11 /* trees.h */,
				4784B4E82E93482990D962FC /* zconf.h */,
				FEF993CF5C92476C8062604E /* zlib.h */,
				EE7CC82466A04DEF8563C4AF /* zutil.h */,
				F24B5B548EA64003858E8EC1 /* Base64.h */,
				EEB91282524C46E7960084A0 /* UNIHTTPClientHelper.h */,
				46525659ABC24A9F93C9657E /* UNIHTTPRequest.h */,
				A7334F3A58CB42E290165287 /* UNIHTTPRequestWithBody.h */,
				936B4F22CEFD437FBDC88B68 /* Unirest-Prefix.pch */,
				3642410372F14A7B9A88F6A3 /* UNIRest.h */,
				BC6A01AC03FE40629A3EE0C3 /* UNIUrlConnection.h */,
				CA2FD47044EF48A3B97620E1 /* UNIBaseRequest.h */,
				7C3C493AC4494199B7AB79AC /* UNIBodyRequest.h */,
				0DABF8824E57464D82A50987 /* UNISimpleRequest.h */,
				79C965A035644818ADC16707 /* UNIHTTPBinaryResponse.h */,
				3EC25CD6199B4FAFB3CBD717 /* UNIHTTPJsonResponse.h */,
				9F9F7B5C180342058027C532 /* UNIHTTPResponse.h */,
				2D72EEAF91F546A69E50E3DA /* UNIHTTPStringResponse.h */,
				04277071AA7F4ED2994C8344 /* UNIJsonNode.h */,
				99FFBB7508B34923B3E73544 /* IonicKeyboard.m */,
				49CD3C5FE61744E5A4AEAF2D /* UIWebViewExtension.m */,
				C7056551B3CC4D289C4EFD05 /* IonicKeyboard.h */,
				5D07230132B5430AAE94AA2B /* UIWebViewExtension.h */,
			);
			name = Plugins;
			path = "Somali Food/Plugins";
			sourceTree = SOURCE_ROOT;
		};
		EB87FDF11871DA420020F90C /* Staging */ = {
			isa = PBXGroup;
			children = (
				F840E1F0165FE0F500CFE078 /* config.xml */,
				301BF56E109A69640062928A /* www */,
			);
			name = Staging;
			sourceTree = "<group>";
		};
/* End PBXGroup section */

/* Begin PBXNativeTarget section */
		1D6058900D05DD3D006BFB54 /* Somali Food */ = {
			isa = PBXNativeTarget;
			buildConfigurationList = 1D6058960D05DD3E006BFB54 /* Build configuration list for PBXNativeTarget "Somali Food" */;
			buildPhases = (
				304B58A110DAC018002A0835 /* Copy www directory */,
				1D60588D0D05DD3D006BFB54 /* Resources */,
				1D60588E0D05DD3D006BFB54 /* Sources */,
				1D60588F0D05DD3D006BFB54 /* Frameworks */,
			);
			buildRules = (
			);
			dependencies = (
				301BF551109A68C00062928A /* PBXTargetDependency */,
			);
			name = "Somali Food";
			productName = "Somali Food";
			productReference = 1D6058910D05DD3D006BFB54 /* Somali Food.app */;
			productType = "com.apple.product-type.application";
		};
/* End PBXNativeTarget section */

/* Begin PBXProject section */
		29B97313FDCFA39411CA2CEA /* Project object */ = {
			isa = PBXProject;
			attributes = {
				LastUpgradeCheck = 510;
			};
			buildConfigurationList = C01FCF4E08A954540054247B /* Build configuration list for PBXProject "__NON-CLI__" */;
			compatibilityVersion = "Xcode 3.2";
			developmentRegion = English;
			hasScannedForEncodings = 1;
			mainGroup = 29B97314FDCFA39411CA2CEA /* CustomTemplate */;
			projectDirPath = "";
			projectReferences = (
				{
					ProductGroup = 301BF52E109A57CC0062928A /* Products */;
					ProjectRef = 301BF52D109A57CC0062928A /* CordovaLib.xcodeproj */;
				},
			);
			projectRoot = "";
			targets = (
				1D6058900D05DD3D006BFB54 /* Somali Food */,
			);
		};
/* End PBXProject section */

/* Begin PBXReferenceProxy section */
		301BF535109A57CC0062928A /* libCordova.a */ = {
			isa = PBXReferenceProxy;
			fileType = archive.ar;
			path = libCordova.a;
			remoteRef = 301BF534109A57CC0062928A /* PBXContainerItemProxy */;
			sourceTree = BUILT_PRODUCTS_DIR;
		};
/* End PBXReferenceProxy section */

/* Begin PBXResourcesBuildPhase section */
		1D60588D0D05DD3D006BFB54 /* Resources */ = {
			isa = PBXResourcesBuildPhase;
			buildActionMask = 2147483647;
			files = (
				302D95F214D2391D003F00A1 /* MainViewController.xib in Resources */,
				0207DA581B56EA530066E2B4 /* Images.xcassets in Resources */,
			);
			runOnlyForDeploymentPostprocessing = 0;
		};
/* End PBXResourcesBuildPhase section */

/* Begin PBXShellScriptBuildPhase section */
		304B58A110DAC018002A0835 /* Copy www directory */ = {
			isa = PBXShellScriptBuildPhase;
			buildActionMask = 2147483647;
			files = (
			);
			inputPaths = (
			);
			name = "Copy www directory";
			outputPaths = (
			);
			runOnlyForDeploymentPostprocessing = 0;
			shellPath = /bin/sh;
			shellScript = "NODEJS_PATH=/usr/local/bin; NVM_NODE_PATH=~/.nvm/versions/node/`nvm version 2>/dev/null`/bin; N_NODE_PATH=`find /usr/local/n/versions/node/* -maxdepth 0 -type d 2>/dev/null | tail -1`/bin; XCODE_NODE_PATH=`xcode-select --print-path`/usr/share/xcs/Node/bin; PATH=$NODEJS_PATH:$NVM_NODE_PATH:$N_NODE_PATH:$XCODE_NODE_PATH:$PATH && node cordova/lib/copy-www-build-step.js";
			showEnvVarsInLog = 0;
		};
/* End PBXShellScriptBuildPhase section */

/* Begin PBXSourcesBuildPhase section */
		1D60588E0D05DD3D006BFB54 /* Sources */ = {
			isa = PBXSourcesBuildPhase;
			buildActionMask = 2147483647;
			files = (
				1D60589B0D05DD56006BFB54 /* main.m in Sources */,
				1D3623260D0F684500981E51 /* AppDelegate.m in Sources */,
				302D95F114D2391D003F00A1 /* MainViewController.m in Sources */,
				616318C2A39E4BF8912ADE27 /* CDVLogger.m in Sources */,
				54583903EAD149F5B3754F57 /* CDVDevice.m in Sources */,
				0E75BBA5A67A422485680C03 /* FacebookConnectPlugin.m in Sources */,
				1227C0763BBD434DA08D644C /* CDVInAppBrowser.m in Sources */,
				5622B815A4E942ECB0B71EC5 /* CDVSplashScreen.m in Sources */,
				E5F1690930914AD9B267B660 /* CDVViewController+SplashScreen.m in Sources */,
				33A1BD40D32F4AA68774FE01 /* CDVStatusBar.m in Sources */,
				A809094280D1493381881BAE /* IonicConstant.m in Sources */,
				1FBA24AB971D4EC5A3E590B5 /* IonicDeploy.m in Sources */,
				9F3B67736CBE48E0A1D40AEA /* Download.m in Sources */,
				E57F0D3007354095A4290E0B /* DownloadManager.m in Sources */,
				5C9C6B9E4528480BA394EA36 /* SSZipArchive.m in Sources */,
				4835442F3F934F35916D697A /* ioapi.c in Resources */,
				A99B7B04CFFD412189057F57 /* unzip.c in Resources */,
				87A65B32EC644E9BA5CB7C2A /* zip.c in Resources */,
				70AB51126FF946B09DB85BB2 /* adler32.c in Resources */,
				03AB805FAD7344E085FF4CEF /* compress.c in Resources */,
				651BB40B02EE4D6796CEABFF /* crc32.c in Resources */,
				2856A20E245B4CF9A6838C6B /* deflate.c in Resources */,
				296EA84B967345F583E6C449 /* gzclose.c in Resources */,
				FA6168FC1F1942F685B2AFFD /* gzlib.c in Resources */,
				6B4173806697404C8216E6B3 /* gzread.c in Resources */,
				6DB6478586954CBEB079C29A /* gzwrite.c in Resources */,
				6A90DB22EBB04543BACBEB73 /* infback.c in Resources */,
				A99A7D3054F645AB962FF80D /* inffast.c in Resources */,
				32EF8ED5BBA646B49A1957B5 /* inflate.c in Resources */,
				C71CDB3ABC9A46D8A006C674 /* inftrees.c in Resources */,
				D1E172AF171A4005BAAE5BD8 /* trees.c in Resources */,
				BE6C9DDFBCE44C3F9AADE172 /* uncompr.c in Resources */,
				A6DB92764E74418A8A1D4738 /* zutil.c in Resources */,
				86CC8B987D7D449EB278CF13 /* Base64.m in Sources */,
				AC938233AE78400C97F1B6F4 /* UNIHTTPClientHelper.m in Sources */,
				AA85C8B6E3694EE7B4213022 /* UNIHTTPRequest.m in Sources */,
				7A6D70DF55B34134B84D22A2 /* UNIHTTPRequestWithBody.m in Sources */,
				68784FCFACE848C39593086A /* UNIRest.m in Sources */,
				2D62B654474D46AA8C3DAE40 /* UNIUrlConnection.m in Sources */,
				749C15FFCCE14ABE907DD0E9 /* UNIBaseRequest.m in Sources */,
				8667669A67DB4C4EB475A0EB /* UNIBodyRequest.m in Sources */,
				3176523B0CC3402898558BD9 /* UNISimpleRequest.m in Sources */,
				996C5B2CAAC64359AF55E9EB /* UNIHTTPBinaryResponse.m in Sources */,
				3E8125436ECC4174872CD30B /* UNIHTTPJsonResponse.m in Sources */,
				6088F49A49554568AE9174A2 /* UNIHTTPResponse.m in Sources */,
				7A243D1B5D85450285700F13 /* UNIHTTPStringResponse.m in Sources */,
				8F9B42AF139D46EAA63F8787 /* UNIJsonNode.m in Sources */,
				ABA7D80E95A649ECBC003A2F /* IonicKeyboard.m in Sources */,
				897B995CED434D56BF8A3521 /* UIWebViewExtension.m in Sources */,
			);
			runOnlyForDeploymentPostprocessing = 0;
		};
/* End PBXSourcesBuildPhase section */

/* Begin PBXTargetDependency section */
		301BF551109A68C00062928A /* PBXTargetDependency */ = {
			isa = PBXTargetDependency;
			name = CordovaLib;
			targetProxy = 301BF550109A68C00062928A /* PBXContainerItemProxy */;
		};
/* End PBXTargetDependency section */

/* Begin XCBuildConfiguration section */
		1D6058940D05DD3E006BFB54 /* Debug */ = {
			isa = XCBuildConfiguration;
			baseConfigurationReference = 3047A50F1AB8059700498E2A /* build-debug.xcconfig */;
			buildSettings = {
				ALWAYS_SEARCH_USER_PATHS = NO;
				ASSETCATALOG_COMPILER_APPICON_NAME = AppIcon;
				ASSETCATALOG_COMPILER_LAUNCHIMAGE_NAME = LaunchImage;
				CLANG_ENABLE_MODULES = YES;
				CLANG_ENABLE_OBJC_ARC = YES;
				COPY_PHASE_STRIP = NO;
				GCC_DYNAMIC_NO_PIC = NO;
				GCC_OPTIMIZATION_LEVEL = 0;
				GCC_PRECOMPILE_PREFIX_HEADER = YES;
				GCC_PREFIX_HEADER = "Somali Food/Somali Food-Prefix.pch";
				GCC_THUMB_SUPPORT = NO;
				GCC_VERSION = "";
				INFOPLIST_FILE = "Somali Food/Somali Food-Info.plist";
				LD_RUNPATH_SEARCH_PATHS = "@executable_path/Frameworks";
				PRODUCT_NAME = "Somali Food";
				FRAMEWORK_SEARCH_PATHS = (
					"$(inherited)",
					"\"Somali Food/Plugins/cordova-plugin-facebook4\"",
					"\"Somali Food/Plugins/cordova-plugin-facebook4\"",
					"\"Somali Food/Plugins/cordova-plugin-facebook4\"",
					"\"Somali Food/Plugins/cordova-plugin-facebook4\"",
					"\"Somali Food/Plugins/cordova-plugin-facebook4\"",
					"\"Somali Food/Plugins/cordova-plugin-facebook4\"",
					"\"Somali Food/Plugins/cordova-plugin-facebook4\"",
					"\"Somali Food/Plugins/cordova-plugin-facebook4\"",
				);
			};
			name = Debug;
		};
		1D6058950D05DD3E006BFB54 /* Release */ = {
			isa = XCBuildConfiguration;
			baseConfigurationReference = 3047A5101AB8059700498E2A /* build-release.xcconfig */;
			buildSettings = {
				ALWAYS_SEARCH_USER_PATHS = NO;
				ASSETCATALOG_COMPILER_APPICON_NAME = AppIcon;
				ASSETCATALOG_COMPILER_LAUNCHIMAGE_NAME = LaunchImage;
				CLANG_ENABLE_MODULES = YES;
				CLANG_ENABLE_OBJC_ARC = YES;
				COPY_PHASE_STRIP = YES;
				GCC_PRECOMPILE_PREFIX_HEADER = YES;
				GCC_PREFIX_HEADER = "Somali Food/Somali Food-Prefix.pch";
				GCC_THUMB_SUPPORT = NO;
				GCC_VERSION = "";
				INFOPLIST_FILE = "Somali Food/Somali Food-Info.plist";
				PRODUCT_NAME = "Somali Food";
				FRAMEWORK_SEARCH_PATHS = (
					"$(inherited)",
					"\"Somali Food/Plugins/cordova-plugin-facebook4\"",
					"\"Somali Food/Plugins/cordova-plugin-facebook4\"",
					"\"Somali Food/Plugins/cordova-plugin-facebook4\"",
					"\"Somali Food/Plugins/cordova-plugin-facebook4\"",
					"\"Somali Food/Plugins/cordova-plugin-facebook4\"",
					"\"Somali Food/Plugins/cordova-plugin-facebook4\"",
					"\"Somali Food/Plugins/cordova-plugin-facebook4\"",
					"\"Somali Food/Plugins/cordova-plugin-facebook4\"",
				);
			};
			name = Release;
		};
		C01FCF4F08A954540054247B /* Debug */ = {
			isa = XCBuildConfiguration;
			baseConfigurationReference = 3047A5111AB8059700498E2A /* build.xcconfig */;
			buildSettings = {
				CLANG_ENABLE_MODULES = YES;
				CLANG_ENABLE_OBJC_ARC = YES;
				CLANG_WARN_BOOL_CONVERSION = YES;
				CLANG_WARN_CONSTANT_CONVERSION = YES;
				CLANG_WARN_EMPTY_BODY = YES;
				CLANG_WARN_ENUM_CONVERSION = YES;
				CLANG_WARN_INT_CONVERSION = YES;
				CLANG_WARN__DUPLICATE_METHOD_MATCH = YES;
				GCC_C_LANGUAGE_STANDARD = c99;
				GCC_THUMB_SUPPORT = NO;
				GCC_VERSION = "";
				GCC_WARN_ABOUT_RETURN_TYPE = YES;
				GCC_WARN_UNDECLARED_SELECTOR = YES;
				GCC_WARN_UNINITIALIZED_AUTOS = YES;
				GCC_WARN_UNUSED_FUNCTION = YES;
				GCC_WARN_UNUSED_VARIABLE = YES;
				ONLY_ACTIVE_ARCH = YES;
				SDKROOT = iphoneos;
				SKIP_INSTALL = NO;
			};
			name = Debug;
		};
		C01FCF5008A954540054247B /* Release */ = {
			isa = XCBuildConfiguration;
			baseConfigurationReference = 3047A5111AB8059700498E2A /* build.xcconfig */;
			buildSettings = {
				CLANG_ENABLE_MODULES = YES;
				CLANG_ENABLE_OBJC_ARC = YES;
				CLANG_WARN_BOOL_CONVERSION = YES;
				CLANG_WARN_CONSTANT_CONVERSION = YES;
				CLANG_WARN_EMPTY_BODY = YES;
				CLANG_WARN_ENUM_CONVERSION = YES;
				CLANG_WARN_INT_CONVERSION = YES;
				CLANG_WARN__DUPLICATE_METHOD_MATCH = YES;
				GCC_C_LANGUAGE_STANDARD = c99;
				GCC_THUMB_SUPPORT = NO;
				GCC_VERSION = "";
				GCC_WARN_ABOUT_RETURN_TYPE = YES;
				GCC_WARN_UNDECLARED_SELECTOR = YES;
				GCC_WARN_UNINITIALIZED_AUTOS = YES;
				GCC_WARN_UNUSED_FUNCTION = YES;
				GCC_WARN_UNUSED_VARIABLE = YES;
				SDKROOT = iphoneos;
				SKIP_INSTALL = NO;
			};
			name = Release;
		};
/* End XCBuildConfiguration section */

/* Begin XCConfigurationList section */
		1D6058960D05DD3E006BFB54 /* Build configuration list for PBXNativeTarget "Somali Food" */ = {
			isa = XCConfigurationList;
			buildConfigurations = (
				1D6058940D05DD3E006BFB54 /* Debug */,
				1D6058950D05DD3E006BFB54 /* Release */,
			);
			defaultConfigurationIsVisible = 0;
			defaultConfigurationName = Release;
		};
		C01FCF4E08A954540054247B /* Build configuration list for PBXProject "__NON-CLI__" */ = {
			isa = XCConfigurationList;
			buildConfigurations = (
				C01FCF4F08A954540054247B /* Debug */,
				C01FCF5008A954540054247B /* Release */,
			);
			defaultConfigurationIsVisible = 0;
			defaultConfigurationName = Release;
		};
/* End XCConfigurationList section */
	};
	rootObject = 29B97313FDCFA39411CA2CEA /* Project object */;
}
